// !$*UTF8*$!
{
	archiveVersion = 1;
	classes = {
	};
	objectVersion = 56;
	objects = {

/* Begin PBXBuildFile section */
		0406DD3C2A86122B00FED117 /* ProductDetailsViewModelProtocol.swift in Sources */ = {isa = PBXBuildFile; fileRef = 0406DD3B2A86122B00FED117 /* ProductDetailsViewModelProtocol.swift */; };
		0406DD3E2A86129300FED117 /* ProductDetailsController.swift in Sources */ = {isa = PBXBuildFile; fileRef = 0406DD3D2A86129300FED117 /* ProductDetailsController.swift */; };
		0406DD402A8612E800FED117 /* ProductDetailsViewModel.swift in Sources */ = {isa = PBXBuildFile; fileRef = 0406DD3F2A8612E800FED117 /* ProductDetailsViewModel.swift */; };
		0406DD462A861F0F00FED117 /* UIProductDetailsView.swift in Sources */ = {isa = PBXBuildFile; fileRef = 0406DD452A861F0F00FED117 /* UIProductDetailsView.swift */; };
		0406DD482A86259800FED117 /* UIAddressView.swift in Sources */ = {isa = PBXBuildFile; fileRef = 0406DD472A86259800FED117 /* UIAddressView.swift */; };
		0406DD4B2A86330200FED117 /* ProductPhotoCell.swift in Sources */ = {isa = PBXBuildFile; fileRef = 0406DD4A2A86330200FED117 /* ProductPhotoCell.swift */; };
		0406DD4E2A865ADD00FED117 /* CacheManagerProtocol.swift in Sources */ = {isa = PBXBuildFile; fileRef = 0406DD4D2A865ADD00FED117 /* CacheManagerProtocol.swift */; };
		0406DD502A865AEA00FED117 /* CacheManager.swift in Sources */ = {isa = PBXBuildFile; fileRef = 0406DD4F2A865AEA00FED117 /* CacheManager.swift */; };
		0406DD522A866BAB00FED117 /* DetachableObjectProtocol.swift in Sources */ = {isa = PBXBuildFile; fileRef = 0406DD512A866BAB00FED117 /* DetachableObjectProtocol.swift */; };
		0406DD582A866EB900FED117 /* ProductObject.swift in Sources */ = {isa = PBXBuildFile; fileRef = 0406DD572A866EB900FED117 /* ProductObject.swift */; };
		0406DD5B2A86F81600FED117 /* MockedProductService.swift in Sources */ = {isa = PBXBuildFile; fileRef = 0406DD5A2A86F81600FED117 /* MockedProductService.swift */; };
		0406DD5D2A86F8B900FED117 /* ProductsResponse.json in Resources */ = {isa = PBXBuildFile; fileRef = 0406DD5C2A86F8B900FED117 /* ProductsResponse.json */; };
		0406DD602A86F93800FED117 /* MockedProductServiceTests.swift in Sources */ = {isa = PBXBuildFile; fileRef = 0406DD5F2A86F93800FED117 /* MockedProductServiceTests.swift */; };
		0406DD622A86FB0E00FED117 /* ActualProductServiceTests.swift in Sources */ = {isa = PBXBuildFile; fileRef = 0406DD612A86FB0E00FED117 /* ActualProductServiceTests.swift */; };
		0410684D2A84BF5B00B47B53 /* ButtonSectionCell.swift in Sources */ = {isa = PBXBuildFile; fileRef = 0410684C2A84BF5B00B47B53 /* ButtonSectionCell.swift */; };
		041068532A84D56600B47B53 /* FilterItem.swift in Sources */ = {isa = PBXBuildFile; fileRef = 041068522A84D56600B47B53 /* FilterItem.swift */; };
		041068552A84D58400B47B53 /* FilterSectionModel.swift in Sources */ = {isa = PBXBuildFile; fileRef = 041068542A84D58400B47B53 /* FilterSectionModel.swift */; };
		041068572A84E4DC00B47B53 /* SortMethod.swift in Sources */ = {isa = PBXBuildFile; fileRef = 041068562A84E4DC00B47B53 /* SortMethod.swift */; };
		0410685A2A85419800B47B53 /* UIFiltersViewProtocol.swift in Sources */ = {isa = PBXBuildFile; fileRef = 041068592A85419800B47B53 /* UIFiltersViewProtocol.swift */; };
		0410685C2A8541D300B47B53 /* UIFiltersView.swift in Sources */ = {isa = PBXBuildFile; fileRef = 0410685B2A8541D300B47B53 /* UIFiltersView.swift */; };
		0410685E2A858A8300B47B53 /* Notification.swift in Sources */ = {isa = PBXBuildFile; fileRef = 0410685D2A858A8300B47B53 /* Notification.swift */; };
		04115A012A83671C00A0CBC5 /* ProductViewData.swift in Sources */ = {isa = PBXBuildFile; fileRef = 04115A002A83671C00A0CBC5 /* ProductViewData.swift */; };
		04115A032A836BDA00A0CBC5 /* UIColor.swift in Sources */ = {isa = PBXBuildFile; fileRef = 04115A022A836BDA00A0CBC5 /* UIColor.swift */; };
		04115A052A8372F500A0CBC5 /* RatingViewData.swift in Sources */ = {isa = PBXBuildFile; fileRef = 04115A042A8372F500A0CBC5 /* RatingViewData.swift */; };
		04115A0D2A83816C00A0CBC5 /* UICollectionView.swift in Sources */ = {isa = PBXBuildFile; fileRef = 04115A0C2A83816C00A0CBC5 /* UICollectionView.swift */; };
		04115A152A839A3800A0CBC5 /* ProductsController+Binding.swift in Sources */ = {isa = PBXBuildFile; fileRef = 04115A142A839A3800A0CBC5 /* ProductsController+Binding.swift */; };
		04115A172A83A70900A0CBC5 /* UIHeaderView.swift in Sources */ = {isa = PBXBuildFile; fileRef = 04115A162A83A70900A0CBC5 /* UIHeaderView.swift */; };
		04115A192A83B6A400A0CBC5 /* UIToolbar.swift in Sources */ = {isa = PBXBuildFile; fileRef = 04115A182A83B6A400A0CBC5 /* UIToolbar.swift */; };
		04115A1B2A83B6EB00A0CBC5 /* UIStackView.swift in Sources */ = {isa = PBXBuildFile; fileRef = 04115A1A2A83B6EB00A0CBC5 /* UIStackView.swift */; };
		04115A1F2A83CE5700A0CBC5 /* FiltersController.swift in Sources */ = {isa = PBXBuildFile; fileRef = 04115A1E2A83CE5700A0CBC5 /* FiltersController.swift */; };
		04115A222A83CEA700A0CBC5 /* FiltersViewModelProtocol.swift in Sources */ = {isa = PBXBuildFile; fileRef = 04115A212A83CEA700A0CBC5 /* FiltersViewModelProtocol.swift */; };
		04115A242A83CEDB00A0CBC5 /* FiltersViewModel.swift in Sources */ = {isa = PBXBuildFile; fileRef = 04115A232A83CEDB00A0CBC5 /* FiltersViewModel.swift */; };
		04115A262A83DBDE00A0CBC5 /* UIButton.swift in Sources */ = {isa = PBXBuildFile; fileRef = 04115A252A83DBDE00A0CBC5 /* UIButton.swift */; };
		04115A292A83DF0700A0CBC5 /* CategoryItemCell.swift in Sources */ = {isa = PBXBuildFile; fileRef = 04115A282A83DF0700A0CBC5 /* CategoryItemCell.swift */; };
		04115A2B2A83F24200A0CBC5 /* SortMethodItemCell.swift in Sources */ = {isa = PBXBuildFile; fileRef = 04115A2A2A83F24200A0CBC5 /* SortMethodItemCell.swift */; };
		04115A2D2A84143B00A0CBC5 /* CategorySectionCell.swift in Sources */ = {isa = PBXBuildFile; fileRef = 04115A2C2A84143B00A0CBC5 /* CategorySectionCell.swift */; };
		04115A2F2A84187800A0CBC5 /* SortMethodSectionCell.swift in Sources */ = {isa = PBXBuildFile; fileRef = 04115A2E2A84187800A0CBC5 /* SortMethodSectionCell.swift */; };
		04115A312A841AF100A0CBC5 /* UITableView.swift in Sources */ = {isa = PBXBuildFile; fileRef = 04115A302A841AF100A0CBC5 /* UITableView.swift */; };
		0474CFDD2A87937900EF323E /* ProductsViewModelTests.swift in Sources */ = {isa = PBXBuildFile; fileRef = 0474CFDC2A87937900EF323E /* ProductsViewModelTests.swift */; };
		0474CFDF2A87AD2D00EF323E /* ProductDetailsViewModelTests.swift in Sources */ = {isa = PBXBuildFile; fileRef = 0474CFDE2A87AD2D00EF323E /* ProductDetailsViewModelTests.swift */; };
		04AFC8CD2A8288BC00904B0F /* AppDelegate.swift in Sources */ = {isa = PBXBuildFile; fileRef = 04AFC8CC2A8288BC00904B0F /* AppDelegate.swift */; };
		04AFC8CF2A8288BC00904B0F /* SceneDelegate.swift in Sources */ = {isa = PBXBuildFile; fileRef = 04AFC8CE2A8288BC00904B0F /* SceneDelegate.swift */; };
		04AFC8D62A8288BC00904B0F /* Assets.xcassets in Resources */ = {isa = PBXBuildFile; fileRef = 04AFC8D52A8288BC00904B0F /* Assets.xcassets */; };
		04AFC8D92A8288BC00904B0F /* LaunchScreen.storyboard in Resources */ = {isa = PBXBuildFile; fileRef = 04AFC8D72A8288BC00904B0F /* LaunchScreen.storyboard */; };
		04AFC8E42A8288BC00904B0F /* ProductAppTests.swift in Sources */ = {isa = PBXBuildFile; fileRef = 04AFC8E32A8288BC00904B0F /* ProductAppTests.swift */; };
		04AFC8EE2A8288BC00904B0F /* ProductAppUITests.swift in Sources */ = {isa = PBXBuildFile; fileRef = 04AFC8ED2A8288BC00904B0F /* ProductAppUITests.swift */; };
		04AFC8F02A8288BC00904B0F /* ProductAppUITestsLaunchTests.swift in Sources */ = {isa = PBXBuildFile; fileRef = 04AFC8EF2A8288BC00904B0F /* ProductAppUITestsLaunchTests.swift */; };
		04AFC9012A8291DD00904B0F /* Coordinator.swift in Sources */ = {isa = PBXBuildFile; fileRef = 04AFC9002A8291DD00904B0F /* Coordinator.swift */; };
		04AFC9032A82921400904B0F /* MainCoordinator.swift in Sources */ = {isa = PBXBuildFile; fileRef = 04AFC9022A82921400904B0F /* MainCoordinator.swift */; };
		04AFC9092A8292AA00904B0F /* SplashController.swift in Sources */ = {isa = PBXBuildFile; fileRef = 04AFC9082A8292AA00904B0F /* SplashController.swift */; };
		04AFC90F2A82939800904B0F /* ProductsController.swift in Sources */ = {isa = PBXBuildFile; fileRef = 04AFC90E2A82939800904B0F /* ProductsController.swift */; };
		04AFC9122A82986400904B0F /* UIView.swift in Sources */ = {isa = PBXBuildFile; fileRef = 04AFC9112A82986400904B0F /* UIView.swift */; };
		04AFC9142A8298DA00904B0F /* UINavigationController.swift in Sources */ = {isa = PBXBuildFile; fileRef = 04AFC9132A8298DA00904B0F /* UINavigationController.swift */; };
		04AFC9162A829A3100904B0F /* Constant.swift in Sources */ = {isa = PBXBuildFile; fileRef = 04AFC9152A829A3100904B0F /* Constant.swift */; };
		04AFC9192A829B4D00904B0F /* BaseViewController.swift in Sources */ = {isa = PBXBuildFile; fileRef = 04AFC9182A829B4D00904B0F /* BaseViewController.swift */; };
		04AFC91B2A829C6D00904B0F /* BaseViewModel.swift in Sources */ = {isa = PBXBuildFile; fileRef = 04AFC91A2A829C6D00904B0F /* BaseViewModel.swift */; };
		04AFC91E2A829DD200904B0F /* ErrorDataView.swift in Sources */ = {isa = PBXBuildFile; fileRef = 04AFC91D2A829DD200904B0F /* ErrorDataView.swift */; };
		04AFC9212A82A0D100904B0F /* ProductsViewModelProtocol.swift in Sources */ = {isa = PBXBuildFile; fileRef = 04AFC9202A82A0D100904B0F /* ProductsViewModelProtocol.swift */; };
		04AFC9232A82A0F200904B0F /* ProductsViewModel.swift in Sources */ = {isa = PBXBuildFile; fileRef = 04AFC9222A82A0F200904B0F /* ProductsViewModel.swift */; };
		04AFC92A2A82A79300904B0F /* Methods.swift in Sources */ = {isa = PBXBuildFile; fileRef = 04AFC9292A82A79300904B0F /* Methods.swift */; };
		04AFC92C2A82A7C600904B0F /* NetworkError.swift in Sources */ = {isa = PBXBuildFile; fileRef = 04AFC92B2A82A7C600904B0F /* NetworkError.swift */; };
		04AFC92E2A82A89C00904B0F /* String.swift in Sources */ = {isa = PBXBuildFile; fileRef = 04AFC92D2A82A89C00904B0F /* String.swift */; };
		04AFC9302A82A8BA00904B0F /* Dictionary.swift in Sources */ = {isa = PBXBuildFile; fileRef = 04AFC92F2A82A8BA00904B0F /* Dictionary.swift */; };
		04AFC9322A82A95C00904B0F /* Endpoint.swift in Sources */ = {isa = PBXBuildFile; fileRef = 04AFC9312A82A95C00904B0F /* Endpoint.swift */; };
		04AFC9342A82A98600904B0F /* NetworkManagerProtocol.swift in Sources */ = {isa = PBXBuildFile; fileRef = 04AFC9332A82A98600904B0F /* NetworkManagerProtocol.swift */; };
		04AFC9362A82A9BF00904B0F /* NetworkManager.swift in Sources */ = {isa = PBXBuildFile; fileRef = 04AFC9352A82A9BF00904B0F /* NetworkManager.swift */; };
		04AFC93A2A82B7DB00904B0F /* ProductsEndpoint.swift in Sources */ = {isa = PBXBuildFile; fileRef = 04AFC9392A82B7DB00904B0F /* ProductsEndpoint.swift */; };
		04AFC93C2A82B7EE00904B0F /* ProductService.swift in Sources */ = {isa = PBXBuildFile; fileRef = 04AFC93B2A82B7EE00904B0F /* ProductService.swift */; };
		04AFC93F2A82C2F700904B0F /* Product.swift in Sources */ = {isa = PBXBuildFile; fileRef = 04AFC93E2A82C2F700904B0F /* Product.swift */; };
		04AFC9412A82C32A00904B0F /* Rating.swift in Sources */ = {isa = PBXBuildFile; fileRef = 04AFC9402A82C32A00904B0F /* Rating.swift */; };
		04AFC9432A82C33800904B0F /* Category.swift in Sources */ = {isa = PBXBuildFile; fileRef = 04AFC9422A82C33800904B0F /* Category.swift */; };
		04AFC9462A82CBED00904B0F /* ProductsCell.swift in Sources */ = {isa = PBXBuildFile; fileRef = 04AFC9452A82CBED00904B0F /* ProductsCell.swift */; };
		04AFC9482A82D59400904B0F /* UIRatingView.swift in Sources */ = {isa = PBXBuildFile; fileRef = 04AFC9472A82D59400904B0F /* UIRatingView.swift */; };
		4D1A532E8BA89C12542FD7EA /* Pods_ProductAppTests.framework in Frameworks */ = {isa = PBXBuildFile; fileRef = 214ABAA81B5E5D6663A346FA /* Pods_ProductAppTests.framework */; };
		7E6AD32020AD7F212662610D /* Pods_ProductApp.framework in Frameworks */ = {isa = PBXBuildFile; fileRef = C8C9F020CCFB46CD88C23070 /* Pods_ProductApp.framework */; };
		EECE2ED5FBEBBDE1CF30546C /* Pods_ProductApp_ProductAppUITests.framework in Frameworks */ = {isa = PBXBuildFile; fileRef = 38AC25E68AD9892AEB8EACC2 /* Pods_ProductApp_ProductAppUITests.framework */; };
/* End PBXBuildFile section */

/* Begin PBXContainerItemProxy section */
		04AFC8E02A8288BC00904B0F /* PBXContainerItemProxy */ = {
			isa = PBXContainerItemProxy;
			containerPortal = 04AFC8C12A8288BC00904B0F /* Project object */;
			proxyType = 1;
			remoteGlobalIDString = 04AFC8C82A8288BC00904B0F;
			remoteInfo = ProductApp;
		};
		04AFC8EA2A8288BC00904B0F /* PBXContainerItemProxy */ = {
			isa = PBXContainerItemProxy;
			containerPortal = 04AFC8C12A8288BC00904B0F /* Project object */;
			proxyType = 1;
			remoteGlobalIDString = 04AFC8C82A8288BC00904B0F;
			remoteInfo = ProductApp;
		};
/* End PBXContainerItemProxy section */

/* Begin PBXFileReference section */
		0406DD3B2A86122B00FED117 /* ProductDetailsViewModelProtocol.swift */ = {isa = PBXFileReference; lastKnownFileType = sourcecode.swift; path = ProductDetailsViewModelProtocol.swift; sourceTree = "<group>"; };
		0406DD3D2A86129300FED117 /* ProductDetailsController.swift */ = {isa = PBXFileReference; lastKnownFileType = sourcecode.swift; path = ProductDetailsController.swift; sourceTree = "<group>"; };
		0406DD3F2A8612E800FED117 /* ProductDetailsViewModel.swift */ = {isa = PBXFileReference; lastKnownFileType = sourcecode.swift; path = ProductDetailsViewModel.swift; sourceTree = "<group>"; };
		0406DD452A861F0F00FED117 /* UIProductDetailsView.swift */ = {isa = PBXFileReference; lastKnownFileType = sourcecode.swift; path = UIProductDetailsView.swift; sourceTree = "<group>"; };
		0406DD472A86259800FED117 /* UIAddressView.swift */ = {isa = PBXFileReference; lastKnownFileType = sourcecode.swift; path = UIAddressView.swift; sourceTree = "<group>"; };
		0406DD4A2A86330200FED117 /* ProductPhotoCell.swift */ = {isa = PBXFileReference; lastKnownFileType = sourcecode.swift; path = ProductPhotoCell.swift; sourceTree = "<group>"; };
		0406DD4D2A865ADD00FED117 /* CacheManagerProtocol.swift */ = {isa = PBXFileReference; lastKnownFileType = sourcecode.swift; path = CacheManagerProtocol.swift; sourceTree = "<group>"; };
		0406DD4F2A865AEA00FED117 /* CacheManager.swift */ = {isa = PBXFileReference; lastKnownFileType = sourcecode.swift; path = CacheManager.swift; sourceTree = "<group>"; };
		0406DD512A866BAB00FED117 /* DetachableObjectProtocol.swift */ = {isa = PBXFileReference; lastKnownFileType = sourcecode.swift; path = DetachableObjectProtocol.swift; sourceTree = "<group>"; };
		0406DD572A866EB900FED117 /* ProductObject.swift */ = {isa = PBXFileReference; lastKnownFileType = sourcecode.swift; path = ProductObject.swift; sourceTree = "<group>"; };
		0406DD5A2A86F81600FED117 /* MockedProductService.swift */ = {isa = PBXFileReference; lastKnownFileType = sourcecode.swift; path = MockedProductService.swift; sourceTree = "<group>"; };
		0406DD5C2A86F8B900FED117 /* ProductsResponse.json */ = {isa = PBXFileReference; lastKnownFileType = text.json; path = ProductsResponse.json; sourceTree = "<group>"; };
		0406DD5F2A86F93800FED117 /* MockedProductServiceTests.swift */ = {isa = PBXFileReference; lastKnownFileType = sourcecode.swift; path = MockedProductServiceTests.swift; sourceTree = "<group>"; };
		0406DD612A86FB0E00FED117 /* ActualProductServiceTests.swift */ = {isa = PBXFileReference; lastKnownFileType = sourcecode.swift; path = ActualProductServiceTests.swift; sourceTree = "<group>"; };
		0410684C2A84BF5B00B47B53 /* ButtonSectionCell.swift */ = {isa = PBXFileReference; lastKnownFileType = sourcecode.swift; path = ButtonSectionCell.swift; sourceTree = "<group>"; };
		041068522A84D56600B47B53 /* FilterItem.swift */ = {isa = PBXFileReference; lastKnownFileType = sourcecode.swift; path = FilterItem.swift; sourceTree = "<group>"; };
		041068542A84D58400B47B53 /* FilterSectionModel.swift */ = {isa = PBXFileReference; lastKnownFileType = sourcecode.swift; path = FilterSectionModel.swift; sourceTree = "<group>"; };
		041068562A84E4DC00B47B53 /* SortMethod.swift */ = {isa = PBXFileReference; lastKnownFileType = sourcecode.swift; path = SortMethod.swift; sourceTree = "<group>"; };
		041068592A85419800B47B53 /* UIFiltersViewProtocol.swift */ = {isa = PBXFileReference; lastKnownFileType = sourcecode.swift; path = UIFiltersViewProtocol.swift; sourceTree = "<group>"; };
		0410685B2A8541D300B47B53 /* UIFiltersView.swift */ = {isa = PBXFileReference; lastKnownFileType = sourcecode.swift; path = UIFiltersView.swift; sourceTree = "<group>"; };
		0410685D2A858A8300B47B53 /* Notification.swift */ = {isa = PBXFileReference; lastKnownFileType = sourcecode.swift; path = Notification.swift; sourceTree = "<group>"; };
		04115A002A83671C00A0CBC5 /* ProductViewData.swift */ = {isa = PBXFileReference; lastKnownFileType = sourcecode.swift; path = ProductViewData.swift; sourceTree = "<group>"; };
		04115A022A836BDA00A0CBC5 /* UIColor.swift */ = {isa = PBXFileReference; lastKnownFileType = sourcecode.swift; path = UIColor.swift; sourceTree = "<group>"; };
		04115A042A8372F500A0CBC5 /* RatingViewData.swift */ = {isa = PBXFileReference; lastKnownFileType = sourcecode.swift; path = RatingViewData.swift; sourceTree = "<group>"; };
		04115A0C2A83816C00A0CBC5 /* UICollectionView.swift */ = {isa = PBXFileReference; lastKnownFileType = sourcecode.swift; path = UICollectionView.swift; sourceTree = "<group>"; };
		04115A142A839A3800A0CBC5 /* ProductsController+Binding.swift */ = {isa = PBXFileReference; lastKnownFileType = sourcecode.swift; path = "ProductsController+Binding.swift"; sourceTree = "<group>"; };
		04115A162A83A70900A0CBC5 /* UIHeaderView.swift */ = {isa = PBXFileReference; lastKnownFileType = sourcecode.swift; path = UIHeaderView.swift; sourceTree = "<group>"; };
		04115A182A83B6A400A0CBC5 /* UIToolbar.swift */ = {isa = PBXFileReference; lastKnownFileType = sourcecode.swift; path = UIToolbar.swift; sourceTree = "<group>"; };
		04115A1A2A83B6EB00A0CBC5 /* UIStackView.swift */ = {isa = PBXFileReference; lastKnownFileType = sourcecode.swift; path = UIStackView.swift; sourceTree = "<group>"; };
		04115A1E2A83CE5700A0CBC5 /* FiltersController.swift */ = {isa = PBXFileReference; lastKnownFileType = sourcecode.swift; path = FiltersController.swift; sourceTree = "<group>"; };
		04115A212A83CEA700A0CBC5 /* FiltersViewModelProtocol.swift */ = {isa = PBXFileReference; lastKnownFileType = sourcecode.swift; path = FiltersViewModelProtocol.swift; sourceTree = "<group>"; };
		04115A232A83CEDB00A0CBC5 /* FiltersViewModel.swift */ = {isa = PBXFileReference; lastKnownFileType = sourcecode.swift; path = FiltersViewModel.swift; sourceTree = "<group>"; };
		04115A252A83DBDE00A0CBC5 /* UIButton.swift */ = {isa = PBXFileReference; lastKnownFileType = sourcecode.swift; path = UIButton.swift; sourceTree = "<group>"; };
		04115A282A83DF0700A0CBC5 /* CategoryItemCell.swift */ = {isa = PBXFileReference; lastKnownFileType = sourcecode.swift; path = CategoryItemCell.swift; sourceTree = "<group>"; };
		04115A2A2A83F24200A0CBC5 /* SortMethodItemCell.swift */ = {isa = PBXFileReference; lastKnownFileType = sourcecode.swift; path = SortMethodItemCell.swift; sourceTree = "<group>"; };
		04115A2C2A84143B00A0CBC5 /* CategorySectionCell.swift */ = {isa = PBXFileReference; lastKnownFileType = sourcecode.swift; path = CategorySectionCell.swift; sourceTree = "<group>"; };
		04115A2E2A84187800A0CBC5 /* SortMethodSectionCell.swift */ = {isa = PBXFileReference; lastKnownFileType = sourcecode.swift; path = SortMethodSectionCell.swift; sourceTree = "<group>"; };
		04115A302A841AF100A0CBC5 /* UITableView.swift */ = {isa = PBXFileReference; lastKnownFileType = sourcecode.swift; path = UITableView.swift; sourceTree = "<group>"; };
		0474CFDC2A87937900EF323E /* ProductsViewModelTests.swift */ = {isa = PBXFileReference; lastKnownFileType = sourcecode.swift; path = ProductsViewModelTests.swift; sourceTree = "<group>"; };
		0474CFDE2A87AD2D00EF323E /* ProductDetailsViewModelTests.swift */ = {isa = PBXFileReference; lastKnownFileType = sourcecode.swift; path = ProductDetailsViewModelTests.swift; sourceTree = "<group>"; };
		04AFC8C92A8288BC00904B0F /* ProductApp.app */ = {isa = PBXFileReference; explicitFileType = wrapper.application; includeInIndex = 0; path = ProductApp.app; sourceTree = BUILT_PRODUCTS_DIR; };
		04AFC8CC2A8288BC00904B0F /* AppDelegate.swift */ = {isa = PBXFileReference; lastKnownFileType = sourcecode.swift; path = AppDelegate.swift; sourceTree = "<group>"; };
		04AFC8CE2A8288BC00904B0F /* SceneDelegate.swift */ = {isa = PBXFileReference; lastKnownFileType = sourcecode.swift; path = SceneDelegate.swift; sourceTree = "<group>"; };
		04AFC8D52A8288BC00904B0F /* Assets.xcassets */ = {isa = PBXFileReference; lastKnownFileType = folder.assetcatalog; path = Assets.xcassets; sourceTree = "<group>"; };
		04AFC8D82A8288BC00904B0F /* Base */ = {isa = PBXFileReference; lastKnownFileType = file.storyboard; name = Base; path = Base.lproj/LaunchScreen.storyboard; sourceTree = "<group>"; };
		04AFC8DA2A8288BC00904B0F /* Info.plist */ = {isa = PBXFileReference; lastKnownFileType = text.plist.xml; path = Info.plist; sourceTree = "<group>"; };
		04AFC8DF2A8288BC00904B0F /* ProductAppTests.xctest */ = {isa = PBXFileReference; explicitFileType = wrapper.cfbundle; includeInIndex = 0; path = ProductAppTests.xctest; sourceTree = BUILT_PRODUCTS_DIR; };
		04AFC8E32A8288BC00904B0F /* ProductAppTests.swift */ = {isa = PBXFileReference; lastKnownFileType = sourcecode.swift; path = ProductAppTests.swift; sourceTree = "<group>"; };
		04AFC8E92A8288BC00904B0F /* ProductAppUITests.xctest */ = {isa = PBXFileReference; explicitFileType = wrapper.cfbundle; includeInIndex = 0; path = ProductAppUITests.xctest; sourceTree = BUILT_PRODUCTS_DIR; };
		04AFC8ED2A8288BC00904B0F /* ProductAppUITests.swift */ = {isa = PBXFileReference; lastKnownFileType = sourcecode.swift; path = ProductAppUITests.swift; sourceTree = "<group>"; };
		04AFC8EF2A8288BC00904B0F /* ProductAppUITestsLaunchTests.swift */ = {isa = PBXFileReference; lastKnownFileType = sourcecode.swift; path = ProductAppUITestsLaunchTests.swift; sourceTree = "<group>"; };
		04AFC9002A8291DD00904B0F /* Coordinator.swift */ = {isa = PBXFileReference; lastKnownFileType = sourcecode.swift; path = Coordinator.swift; sourceTree = "<group>"; };
		04AFC9022A82921400904B0F /* MainCoordinator.swift */ = {isa = PBXFileReference; lastKnownFileType = sourcecode.swift; path = MainCoordinator.swift; sourceTree = "<group>"; };
		04AFC9082A8292AA00904B0F /* SplashController.swift */ = {isa = PBXFileReference; lastKnownFileType = sourcecode.swift; path = SplashController.swift; sourceTree = "<group>"; };
		04AFC90E2A82939800904B0F /* ProductsController.swift */ = {isa = PBXFileReference; lastKnownFileType = sourcecode.swift; path = ProductsController.swift; sourceTree = "<group>"; };
		04AFC9112A82986400904B0F /* UIView.swift */ = {isa = PBXFileReference; lastKnownFileType = sourcecode.swift; path = UIView.swift; sourceTree = "<group>"; };
		04AFC9132A8298DA00904B0F /* UINavigationController.swift */ = {isa = PBXFileReference; lastKnownFileType = sourcecode.swift; path = UINavigationController.swift; sourceTree = "<group>"; };
		04AFC9152A829A3100904B0F /* Constant.swift */ = {isa = PBXFileReference; lastKnownFileType = sourcecode.swift; path = Constant.swift; sourceTree = "<group>"; };
		04AFC9182A829B4D00904B0F /* BaseViewController.swift */ = {isa = PBXFileReference; lastKnownFileType = sourcecode.swift; path = BaseViewController.swift; sourceTree = "<group>"; };
		04AFC91A2A829C6D00904B0F /* BaseViewModel.swift */ = {isa = PBXFileReference; lastKnownFileType = sourcecode.swift; path = BaseViewModel.swift; sourceTree = "<group>"; };
		04AFC91D2A829DD200904B0F /* ErrorDataView.swift */ = {isa = PBXFileReference; lastKnownFileType = sourcecode.swift; path = ErrorDataView.swift; sourceTree = "<group>"; };
		04AFC9202A82A0D100904B0F /* ProductsViewModelProtocol.swift */ = {isa = PBXFileReference; lastKnownFileType = sourcecode.swift; path = ProductsViewModelProtocol.swift; sourceTree = "<group>"; };
		04AFC9222A82A0F200904B0F /* ProductsViewModel.swift */ = {isa = PBXFileReference; lastKnownFileType = sourcecode.swift; path = ProductsViewModel.swift; sourceTree = "<group>"; };
		04AFC9292A82A79300904B0F /* Methods.swift */ = {isa = PBXFileReference; lastKnownFileType = sourcecode.swift; path = Methods.swift; sourceTree = "<group>"; };
		04AFC92B2A82A7C600904B0F /* NetworkError.swift */ = {isa = PBXFileReference; lastKnownFileType = sourcecode.swift; path = NetworkError.swift; sourceTree = "<group>"; };
		04AFC92D2A82A89C00904B0F /* String.swift */ = {isa = PBXFileReference; lastKnownFileType = sourcecode.swift; path = String.swift; sourceTree = "<group>"; };
		04AFC92F2A82A8BA00904B0F /* Dictionary.swift */ = {isa = PBXFileReference; lastKnownFileType = sourcecode.swift; path = Dictionary.swift; sourceTree = "<group>"; };
		04AFC9312A82A95C00904B0F /* Endpoint.swift */ = {isa = PBXFileReference; lastKnownFileType = sourcecode.swift; path = Endpoint.swift; sourceTree = "<group>"; };
		04AFC9332A82A98600904B0F /* NetworkManagerProtocol.swift */ = {isa = PBXFileReference; lastKnownFileType = sourcecode.swift; path = NetworkManagerProtocol.swift; sourceTree = "<group>"; };
		04AFC9352A82A9BF00904B0F /* NetworkManager.swift */ = {isa = PBXFileReference; lastKnownFileType = sourcecode.swift; path = NetworkManager.swift; sourceTree = "<group>"; };
		04AFC9392A82B7DB00904B0F /* ProductsEndpoint.swift */ = {isa = PBXFileReference; lastKnownFileType = sourcecode.swift; path = ProductsEndpoint.swift; sourceTree = "<group>"; };
		04AFC93B2A82B7EE00904B0F /* ProductService.swift */ = {isa = PBXFileReference; lastKnownFileType = sourcecode.swift; path = ProductService.swift; sourceTree = "<group>"; };
		04AFC93E2A82C2F700904B0F /* Product.swift */ = {isa = PBXFileReference; lastKnownFileType = sourcecode.swift; path = Product.swift; sourceTree = "<group>"; };
		04AFC9402A82C32A00904B0F /* Rating.swift */ = {isa = PBXFileReference; lastKnownFileType = sourcecode.swift; path = Rating.swift; sourceTree = "<group>"; };
		04AFC9422A82C33800904B0F /* Category.swift */ = {isa = PBXFileReference; lastKnownFileType = sourcecode.swift; path = Category.swift; sourceTree = "<group>"; };
		04AFC9452A82CBED00904B0F /* ProductsCell.swift */ = {isa = PBXFileReference; lastKnownFileType = sourcecode.swift; path = ProductsCell.swift; sourceTree = "<group>"; };
		04AFC9472A82D59400904B0F /* UIRatingView.swift */ = {isa = PBXFileReference; lastKnownFileType = sourcecode.swift; path = UIRatingView.swift; sourceTree = "<group>"; };
		09F9FBEC1C7AA0E34643924A /* Pods-ProductApp-ProductAppUITests.debug.xcconfig */ = {isa = PBXFileReference; includeInIndex = 1; lastKnownFileType = text.xcconfig; name = "Pods-ProductApp-ProductAppUITests.debug.xcconfig"; path = "Target Support Files/Pods-ProductApp-ProductAppUITests/Pods-ProductApp-ProductAppUITests.debug.xcconfig"; sourceTree = "<group>"; };
		10987BD50C59442A2D6F9914 /* Pods-ProductApp-ProductAppUITests.release.xcconfig */ = {isa = PBXFileReference; includeInIndex = 1; lastKnownFileType = text.xcconfig; name = "Pods-ProductApp-ProductAppUITests.release.xcconfig"; path = "Target Support Files/Pods-ProductApp-ProductAppUITests/Pods-ProductApp-ProductAppUITests.release.xcconfig"; sourceTree = "<group>"; };
		1EA23221CD992935EA2F4B51 /* Pods-ProductApp.release.xcconfig */ = {isa = PBXFileReference; includeInIndex = 1; lastKnownFileType = text.xcconfig; name = "Pods-ProductApp.release.xcconfig"; path = "Target Support Files/Pods-ProductApp/Pods-ProductApp.release.xcconfig"; sourceTree = "<group>"; };
		214ABAA81B5E5D6663A346FA /* Pods_ProductAppTests.framework */ = {isa = PBXFileReference; explicitFileType = wrapper.framework; includeInIndex = 0; path = Pods_ProductAppTests.framework; sourceTree = BUILT_PRODUCTS_DIR; };
		38AC25E68AD9892AEB8EACC2 /* Pods_ProductApp_ProductAppUITests.framework */ = {isa = PBXFileReference; explicitFileType = wrapper.framework; includeInIndex = 0; path = Pods_ProductApp_ProductAppUITests.framework; sourceTree = BUILT_PRODUCTS_DIR; };
		49D0AC851892B6197891C7E3 /* Pods-ProductApp.debug.xcconfig */ = {isa = PBXFileReference; includeInIndex = 1; lastKnownFileType = text.xcconfig; name = "Pods-ProductApp.debug.xcconfig"; path = "Target Support Files/Pods-ProductApp/Pods-ProductApp.debug.xcconfig"; sourceTree = "<group>"; };
		C8C9F020CCFB46CD88C23070 /* Pods_ProductApp.framework */ = {isa = PBXFileReference; explicitFileType = wrapper.framework; includeInIndex = 0; path = Pods_ProductApp.framework; sourceTree = BUILT_PRODUCTS_DIR; };
		CFA958B8456993A92F40A70B /* Pods-ProductAppTests.release.xcconfig */ = {isa = PBXFileReference; includeInIndex = 1; lastKnownFileType = text.xcconfig; name = "Pods-ProductAppTests.release.xcconfig"; path = "Target Support Files/Pods-ProductAppTests/Pods-ProductAppTests.release.xcconfig"; sourceTree = "<group>"; };
		D05C93674C1661D6FF94AAE9 /* Pods-ProductAppTests.debug.xcconfig */ = {isa = PBXFileReference; includeInIndex = 1; lastKnownFileType = text.xcconfig; name = "Pods-ProductAppTests.debug.xcconfig"; path = "Target Support Files/Pods-ProductAppTests/Pods-ProductAppTests.debug.xcconfig"; sourceTree = "<group>"; };
/* End PBXFileReference section */

/* Begin PBXFrameworksBuildPhase section */
		04AFC8C62A8288BC00904B0F /* Frameworks */ = {
			isa = PBXFrameworksBuildPhase;
			buildActionMask = 2147483647;
			files = (
				7E6AD32020AD7F212662610D /* Pods_ProductApp.framework in Frameworks */,
			);
			runOnlyForDeploymentPostprocessing = 0;
		};
		04AFC8DC2A8288BC00904B0F /* Frameworks */ = {
			isa = PBXFrameworksBuildPhase;
			buildActionMask = 2147483647;
			files = (
				4D1A532E8BA89C12542FD7EA /* Pods_ProductAppTests.framework in Frameworks */,
			);
			runOnlyForDeploymentPostprocessing = 0;
		};
		04AFC8E62A8288BC00904B0F /* Frameworks */ = {
			isa = PBXFrameworksBuildPhase;
			buildActionMask = 2147483647;
			files = (
				EECE2ED5FBEBBDE1CF30546C /* Pods_ProductApp_ProductAppUITests.framework in Frameworks */,
			);
			runOnlyForDeploymentPostprocessing = 0;
		};
/* End PBXFrameworksBuildPhase section */

/* Begin PBXGroup section */
		0406DD382A8611B600FED117 /* ProductDetails */ = {
			isa = PBXGroup;
			children = (
				0406DD392A8611DB00FED117 /* Views */,
				0406DD3A2A8611EF00FED117 /* ViewModel */,
			);
			path = ProductDetails;
			sourceTree = "<group>";
		};
		0406DD392A8611DB00FED117 /* Views */ = {
			isa = PBXGroup;
			children = (
				0406DD492A86315500FED117 /* Cells */,
				0406DD442A861EF600FED117 /* Custom */,
				0406DD3D2A86129300FED117 /* ProductDetailsController.swift */,
			);
			path = Views;
			sourceTree = "<group>";
		};
		0406DD3A2A8611EF00FED117 /* ViewModel */ = {
			isa = PBXGroup;
			children = (
				0406DD3B2A86122B00FED117 /* ProductDetailsViewModelProtocol.swift */,
				0406DD3F2A8612E800FED117 /* ProductDetailsViewModel.swift */,
			);
			path = ViewModel;
			sourceTree = "<group>";
		};
		0406DD442A861EF600FED117 /* Custom */ = {
			isa = PBXGroup;
			children = (
				0406DD452A861F0F00FED117 /* UIProductDetailsView.swift */,
				0406DD472A86259800FED117 /* UIAddressView.swift */,
			);
			path = Custom;
			sourceTree = "<group>";
		};
		0406DD492A86315500FED117 /* Cells */ = {
			isa = PBXGroup;
			children = (
				0406DD4A2A86330200FED117 /* ProductPhotoCell.swift */,
			);
			path = Cells;
			sourceTree = "<group>";
		};
		0406DD4C2A865AC500FED117 /* CacheManager */ = {
			isa = PBXGroup;
			children = (
				0406DD532A866BD200FED117 /* Models */,
				0406DD512A866BAB00FED117 /* DetachableObjectProtocol.swift */,
				0406DD4D2A865ADD00FED117 /* CacheManagerProtocol.swift */,
				0406DD4F2A865AEA00FED117 /* CacheManager.swift */,
			);
			path = CacheManager;
			sourceTree = "<group>";
		};
		0406DD532A866BD200FED117 /* Models */ = {
			isa = PBXGroup;
			children = (
				0406DD572A866EB900FED117 /* ProductObject.swift */,
			);
			path = Models;
			sourceTree = "<group>";
		};
		0406DD592A86F7F600FED117 /* Mocked */ = {
			isa = PBXGroup;
			children = (
				0406DD5A2A86F81600FED117 /* MockedProductService.swift */,
			);
			path = Mocked;
			sourceTree = "<group>";
		};
		0406DD5E2A86F90400FED117 /* Services */ = {
			isa = PBXGroup;
			children = (
				0406DD5F2A86F93800FED117 /* MockedProductServiceTests.swift */,
				0406DD612A86FB0E00FED117 /* ActualProductServiceTests.swift */,
			);
			path = Services;
			sourceTree = "<group>";
		};
		0406DD632A86FF9400FED117 /* ViewModels */ = {
			isa = PBXGroup;
			children = (
				0474CFDC2A87937900EF323E /* ProductsViewModelTests.swift */,
				0474CFDE2A87AD2D00EF323E /* ProductDetailsViewModelTests.swift */,
			);
			path = ViewModels;
			sourceTree = "<group>";
		};
		041068512A84D54900B47B53 /* Model */ = {
			isa = PBXGroup;
			children = (
				041068562A84E4DC00B47B53 /* SortMethod.swift */,
				041068522A84D56600B47B53 /* FilterItem.swift */,
				041068542A84D58400B47B53 /* FilterSectionModel.swift */,
			);
			path = Model;
			sourceTree = "<group>";
		};
		041068582A85418700B47B53 /* Custom */ = {
			isa = PBXGroup;
			children = (
				041068592A85419800B47B53 /* UIFiltersViewProtocol.swift */,
				0410685B2A8541D300B47B53 /* UIFiltersView.swift */,
			);
			path = Custom;
			sourceTree = "<group>";
		};
		041159FF2A83670800A0CBC5 /* Model */ = {
			isa = PBXGroup;
			children = (
				04115A002A83671C00A0CBC5 /* ProductViewData.swift */,
				04115A042A8372F500A0CBC5 /* RatingViewData.swift */,
			);
			path = Model;
			sourceTree = "<group>";
		};
		04115A1C2A83CE2600A0CBC5 /* Filters */ = {
			isa = PBXGroup;
			children = (
				041068512A84D54900B47B53 /* Model */,
				04115A202A83CE7900A0CBC5 /* ViewModel */,
				04115A1D2A83CE4100A0CBC5 /* Views */,
			);
			path = Filters;
			sourceTree = "<group>";
		};
		04115A1D2A83CE4100A0CBC5 /* Views */ = {
			isa = PBXGroup;
			children = (
				041068582A85418700B47B53 /* Custom */,
				04115A272A83DEC500A0CBC5 /* Cells */,
				04115A1E2A83CE5700A0CBC5 /* FiltersController.swift */,
			);
			path = Views;
			sourceTree = "<group>";
		};
		04115A202A83CE7900A0CBC5 /* ViewModel */ = {
			isa = PBXGroup;
			children = (
				04115A212A83CEA700A0CBC5 /* FiltersViewModelProtocol.swift */,
				04115A232A83CEDB00A0CBC5 /* FiltersViewModel.swift */,
			);
			path = ViewModel;
			sourceTree = "<group>";
		};
		04115A272A83DEC500A0CBC5 /* Cells */ = {
			isa = PBXGroup;
			children = (
				04115A282A83DF0700A0CBC5 /* CategoryItemCell.swift */,
				04115A2A2A83F24200A0CBC5 /* SortMethodItemCell.swift */,
				04115A2C2A84143B00A0CBC5 /* CategorySectionCell.swift */,
				04115A2E2A84187800A0CBC5 /* SortMethodSectionCell.swift */,
				0410684C2A84BF5B00B47B53 /* ButtonSectionCell.swift */,
			);
			path = Cells;
			sourceTree = "<group>";
		};
		04AFC8C02A8288BC00904B0F = {
			isa = PBXGroup;
			children = (
				04AFC8CB2A8288BC00904B0F /* ProductApp */,
				04AFC8E22A8288BC00904B0F /* ProductAppTests */,
				04AFC8EC2A8288BC00904B0F /* ProductAppUITests */,
				04AFC8CA2A8288BC00904B0F /* Products */,
				B153A50248631CEEADF64022 /* Pods */,
				F35AE730A93E0172E1BA73B7 /* Frameworks */,
			);
			sourceTree = "<group>";
		};
		04AFC8CA2A8288BC00904B0F /* Products */ = {
			isa = PBXGroup;
			children = (
				04AFC8C92A8288BC00904B0F /* ProductApp.app */,
				04AFC8DF2A8288BC00904B0F /* ProductAppTests.xctest */,
				04AFC8E92A8288BC00904B0F /* ProductAppUITests.xctest */,
			);
			name = Products;
			sourceTree = "<group>";
		};
		04AFC8CB2A8288BC00904B0F /* ProductApp */ = {
			isa = PBXGroup;
			children = (
				04AFC8FC2A828FA100904B0F /* Screens */,
				04AFC9262A82A72200904B0F /* NetworkManager */,
				0406DD4C2A865AC500FED117 /* CacheManager */,
				04AFC8FD2A82901E00904B0F /* Utilities */,
				04AFC8FF2A82907C00904B0F /* Resources */,
			);
			path = ProductApp;
			sourceTree = "<group>";
		};
		04AFC8E22A8288BC00904B0F /* ProductAppTests */ = {
			isa = PBXGroup;
			children = (
				0406DD632A86FF9400FED117 /* ViewModels */,
				0406DD5E2A86F90400FED117 /* Services */,
				0406DD592A86F7F600FED117 /* Mocked */,
				04AFC8E32A8288BC00904B0F /* ProductAppTests.swift */,
			);
			path = ProductAppTests;
			sourceTree = "<group>";
		};
		04AFC8EC2A8288BC00904B0F /* ProductAppUITests */ = {
			isa = PBXGroup;
			children = (
				04AFC8ED2A8288BC00904B0F /* ProductAppUITests.swift */,
				04AFC8EF2A8288BC00904B0F /* ProductAppUITestsLaunchTests.swift */,
			);
			path = ProductAppUITests;
			sourceTree = "<group>";
		};
		04AFC8FC2A828FA100904B0F /* Screens */ = {
			isa = PBXGroup;
			children = (
				04AFC9172A829B3400904B0F /* Base */,
				04AFC90D2A82937900904B0F /* Products */,
				0406DD382A8611B600FED117 /* ProductDetails */,
				04115A1C2A83CE2600A0CBC5 /* Filters */,
				04AFC9042A82926C00904B0F /* Splash */,
			);
			path = Screens;
			sourceTree = "<group>";
		};
		04AFC8FD2A82901E00904B0F /* Utilities */ = {
			isa = PBXGroup;
			children = (
				04AFC9102A82984300904B0F /* Extensions */,
				04AFC8FE2A82905900904B0F /* Coordinator */,
				04AFC8CE2A8288BC00904B0F /* SceneDelegate.swift */,
				04AFC8CC2A8288BC00904B0F /* AppDelegate.swift */,
				04AFC9152A829A3100904B0F /* Constant.swift */,
				04AFC8DA2A8288BC00904B0F /* Info.plist */,
			);
			path = Utilities;
			sourceTree = "<group>";
		};
		04AFC8FE2A82905900904B0F /* Coordinator */ = {
			isa = PBXGroup;
			children = (
				04AFC9002A8291DD00904B0F /* Coordinator.swift */,
				04AFC9022A82921400904B0F /* MainCoordinator.swift */,
			);
			path = Coordinator;
			sourceTree = "<group>";
		};
		04AFC8FF2A82907C00904B0F /* Resources */ = {
			isa = PBXGroup;
			children = (
				04AFC8D52A8288BC00904B0F /* Assets.xcassets */,
				0406DD5C2A86F8B900FED117 /* ProductsResponse.json */,
			);
			path = Resources;
			sourceTree = "<group>";
		};
		04AFC9042A82926C00904B0F /* Splash */ = {
			isa = PBXGroup;
			children = (
				04AFC9252A82A29500904B0F /* Views */,
			);
			path = Splash;
			sourceTree = "<group>";
		};
		04AFC90D2A82937900904B0F /* Products */ = {
			isa = PBXGroup;
			children = (
				041159FF2A83670800A0CBC5 /* Model */,
				04AFC9242A82A28400904B0F /* Views */,
				04AFC91F2A82A09700904B0F /* ViewModel */,
			);
			path = Products;
			sourceTree = "<group>";
		};
		04AFC9102A82984300904B0F /* Extensions */ = {
			isa = PBXGroup;
			children = (
				04AFC9112A82986400904B0F /* UIView.swift */,
				04AFC9132A8298DA00904B0F /* UINavigationController.swift */,
				04AFC92D2A82A89C00904B0F /* String.swift */,
				04AFC92F2A82A8BA00904B0F /* Dictionary.swift */,
				04115A022A836BDA00A0CBC5 /* UIColor.swift */,
				04115A0C2A83816C00A0CBC5 /* UICollectionView.swift */,
				04115A182A83B6A400A0CBC5 /* UIToolbar.swift */,
				04115A1A2A83B6EB00A0CBC5 /* UIStackView.swift */,
				04115A252A83DBDE00A0CBC5 /* UIButton.swift */,
				04115A302A841AF100A0CBC5 /* UITableView.swift */,
				0410685D2A858A8300B47B53 /* Notification.swift */,
			);
			path = Extensions;
			sourceTree = "<group>";
		};
		04AFC9172A829B3400904B0F /* Base */ = {
			isa = PBXGroup;
			children = (
				04AFC91C2A829DBE00904B0F /* Model */,
				04AFC9182A829B4D00904B0F /* BaseViewController.swift */,
				04AFC91A2A829C6D00904B0F /* BaseViewModel.swift */,
			);
			path = Base;
			sourceTree = "<group>";
		};
		04AFC91C2A829DBE00904B0F /* Model */ = {
			isa = PBXGroup;
			children = (
				04AFC91D2A829DD200904B0F /* ErrorDataView.swift */,
			);
			path = Model;
			sourceTree = "<group>";
		};
		04AFC91F2A82A09700904B0F /* ViewModel */ = {
			isa = PBXGroup;
			children = (
				04AFC9202A82A0D100904B0F /* ProductsViewModelProtocol.swift */,
				04AFC9222A82A0F200904B0F /* ProductsViewModel.swift */,
			);
			path = ViewModel;
			sourceTree = "<group>";
		};
		04AFC9242A82A28400904B0F /* Views */ = {
			isa = PBXGroup;
			children = (
				04AFC9492A82D59D00904B0F /* Custom */,
				04AFC9442A82CBBE00904B0F /* Cells */,
				04AFC90E2A82939800904B0F /* ProductsController.swift */,
				04115A142A839A3800A0CBC5 /* ProductsController+Binding.swift */,
			);
			path = Views;
			sourceTree = "<group>";
		};
		04AFC9252A82A29500904B0F /* Views */ = {
			isa = PBXGroup;
			children = (
				04AFC9082A8292AA00904B0F /* SplashController.swift */,
				04AFC8D72A8288BC00904B0F /* LaunchScreen.storyboard */,
			);
			path = Views;
			sourceTree = "<group>";
		};
		04AFC9262A82A72200904B0F /* NetworkManager */ = {
			isa = PBXGroup;
			children = (
				04AFC93D2A82C2E500904B0F /* Entities */,
				04AFC9372A82B7BB00904B0F /* Services */,
				04AFC9282A82A78000904B0F /* Enums */,
				04AFC9272A82A74200904B0F /* Base */,
			);
			path = NetworkManager;
			sourceTree = "<group>";
		};
		04AFC9272A82A74200904B0F /* Base */ = {
			isa = PBXGroup;
			children = (
				04AFC9312A82A95C00904B0F /* Endpoint.swift */,
				04AFC9332A82A98600904B0F /* NetworkManagerProtocol.swift */,
				04AFC9352A82A9BF00904B0F /* NetworkManager.swift */,
			);
			path = Base;
			sourceTree = "<group>";
		};
		04AFC9282A82A78000904B0F /* Enums */ = {
			isa = PBXGroup;
			children = (
				04AFC9292A82A79300904B0F /* Methods.swift */,
				04AFC92B2A82A7C600904B0F /* NetworkError.swift */,
			);
			path = Enums;
			sourceTree = "<group>";
		};
		04AFC9372A82B7BB00904B0F /* Services */ = {
			isa = PBXGroup;
			children = (
				04AFC9382A82B7C800904B0F /* Product */,
			);
			path = Services;
			sourceTree = "<group>";
		};
		04AFC9382A82B7C800904B0F /* Product */ = {
			isa = PBXGroup;
			children = (
				04AFC9392A82B7DB00904B0F /* ProductsEndpoint.swift */,
				04AFC93B2A82B7EE00904B0F /* ProductService.swift */,
			);
			path = Product;
			sourceTree = "<group>";
		};
		04AFC93D2A82C2E500904B0F /* Entities */ = {
			isa = PBXGroup;
			children = (
				04AFC93E2A82C2F700904B0F /* Product.swift */,
				04AFC9402A82C32A00904B0F /* Rating.swift */,
				04AFC9422A82C33800904B0F /* Category.swift */,
			);
			path = Entities;
			sourceTree = "<group>";
		};
		04AFC9442A82CBBE00904B0F /* Cells */ = {
			isa = PBXGroup;
			children = (
				04AFC9452A82CBED00904B0F /* ProductsCell.swift */,
			);
			path = Cells;
			sourceTree = "<group>";
		};
		04AFC9492A82D59D00904B0F /* Custom */ = {
			isa = PBXGroup;
			children = (
				04AFC9472A82D59400904B0F /* UIRatingView.swift */,
				04115A162A83A70900A0CBC5 /* UIHeaderView.swift */,
			);
			path = Custom;
			sourceTree = "<group>";
		};
		B153A50248631CEEADF64022 /* Pods */ = {
			isa = PBXGroup;
			children = (
				49D0AC851892B6197891C7E3 /* Pods-ProductApp.debug.xcconfig */,
				1EA23221CD992935EA2F4B51 /* Pods-ProductApp.release.xcconfig */,
				09F9FBEC1C7AA0E34643924A /* Pods-ProductApp-ProductAppUITests.debug.xcconfig */,
				10987BD50C59442A2D6F9914 /* Pods-ProductApp-ProductAppUITests.release.xcconfig */,
				D05C93674C1661D6FF94AAE9 /* Pods-ProductAppTests.debug.xcconfig */,
				CFA958B8456993A92F40A70B /* Pods-ProductAppTests.release.xcconfig */,
			);
			path = Pods;
			sourceTree = "<group>";
		};
		F35AE730A93E0172E1BA73B7 /* Frameworks */ = {
			isa = PBXGroup;
			children = (
				C8C9F020CCFB46CD88C23070 /* Pods_ProductApp.framework */,
				38AC25E68AD9892AEB8EACC2 /* Pods_ProductApp_ProductAppUITests.framework */,
				214ABAA81B5E5D6663A346FA /* Pods_ProductAppTests.framework */,
			);
			name = Frameworks;
			sourceTree = "<group>";
		};
/* End PBXGroup section */

/* Begin PBXNativeTarget section */
		04AFC8C82A8288BC00904B0F /* ProductApp */ = {
			isa = PBXNativeTarget;
			buildConfigurationList = 04AFC8F32A8288BC00904B0F /* Build configuration list for PBXNativeTarget "ProductApp" */;
			buildPhases = (
				A2CD94C5EA173F75D05B8A80 /* [CP] Check Pods Manifest.lock */,
				04AFC8C52A8288BC00904B0F /* Sources */,
				04AFC8C62A8288BC00904B0F /* Frameworks */,
				04AFC8C72A8288BC00904B0F /* Resources */,
				81A1F276F9F148683EAAD966 /* [CP] Embed Pods Frameworks */,
			);
			buildRules = (
			);
			dependencies = (
			);
			name = ProductApp;
			productName = ProductApp;
			productReference = 04AFC8C92A8288BC00904B0F /* ProductApp.app */;
			productType = "com.apple.product-type.application";
		};
		04AFC8DE2A8288BC00904B0F /* ProductAppTests */ = {
			isa = PBXNativeTarget;
			buildConfigurationList = 04AFC8F62A8288BC00904B0F /* Build configuration list for PBXNativeTarget "ProductAppTests" */;
			buildPhases = (
				4F885BD27BB582BC42ED8034 /* [CP] Check Pods Manifest.lock */,
				04AFC8DB2A8288BC00904B0F /* Sources */,
				04AFC8DC2A8288BC00904B0F /* Frameworks */,
				04AFC8DD2A8288BC00904B0F /* Resources */,
				5B91CCEFCC7246056E42D886 /* [CP] Embed Pods Frameworks */,
			);
			buildRules = (
			);
			dependencies = (
				04AFC8E12A8288BC00904B0F /* PBXTargetDependency */,
			);
			name = ProductAppTests;
			productName = ProductAppTests;
			productReference = 04AFC8DF2A8288BC00904B0F /* ProductAppTests.xctest */;
			productType = "com.apple.product-type.bundle.unit-test";
		};
		04AFC8E82A8288BC00904B0F /* ProductAppUITests */ = {
			isa = PBXNativeTarget;
			buildConfigurationList = 04AFC8F92A8288BD00904B0F /* Build configuration list for PBXNativeTarget "ProductAppUITests" */;
			buildPhases = (
				25624B6FCB744D7C5C3A1AAF /* [CP] Check Pods Manifest.lock */,
				04AFC8E52A8288BC00904B0F /* Sources */,
				04AFC8E62A8288BC00904B0F /* Frameworks */,
				04AFC8E72A8288BC00904B0F /* Resources */,
				8DF3D351CC1641E590FB3D02 /* [CP] Embed Pods Frameworks */,
			);
			buildRules = (
			);
			dependencies = (
				04AFC8EB2A8288BC00904B0F /* PBXTargetDependency */,
			);
			name = ProductAppUITests;
			productName = ProductAppUITests;
			productReference = 04AFC8E92A8288BC00904B0F /* ProductAppUITests.xctest */;
			productType = "com.apple.product-type.bundle.ui-testing";
		};
/* End PBXNativeTarget section */

/* Begin PBXProject section */
		04AFC8C12A8288BC00904B0F /* Project object */ = {
			isa = PBXProject;
			attributes = {
				BuildIndependentTargetsInParallel = 1;
				LastSwiftUpdateCheck = 1430;
				LastUpgradeCheck = 1430;
				TargetAttributes = {
					04AFC8C82A8288BC00904B0F = {
						CreatedOnToolsVersion = 14.3;
					};
					04AFC8DE2A8288BC00904B0F = {
						CreatedOnToolsVersion = 14.3;
						TestTargetID = 04AFC8C82A8288BC00904B0F;
					};
					04AFC8E82A8288BC00904B0F = {
						CreatedOnToolsVersion = 14.3;
						TestTargetID = 04AFC8C82A8288BC00904B0F;
					};
				};
			};
			buildConfigurationList = 04AFC8C42A8288BC00904B0F /* Build configuration list for PBXProject "ProductApp" */;
			compatibilityVersion = "Xcode 14.0";
			developmentRegion = en;
			hasScannedForEncodings = 0;
			knownRegions = (
				en,
				Base,
			);
			mainGroup = 04AFC8C02A8288BC00904B0F;
			productRefGroup = 04AFC8CA2A8288BC00904B0F /* Products */;
			projectDirPath = "";
			projectRoot = "";
			targets = (
				04AFC8C82A8288BC00904B0F /* ProductApp */,
				04AFC8DE2A8288BC00904B0F /* ProductAppTests */,
				04AFC8E82A8288BC00904B0F /* ProductAppUITests */,
			);
		};
/* End PBXProject section */

/* Begin PBXResourcesBuildPhase section */
		04AFC8C72A8288BC00904B0F /* Resources */ = {
			isa = PBXResourcesBuildPhase;
			buildActionMask = 2147483647;
			files = (
				04AFC8D92A8288BC00904B0F /* LaunchScreen.storyboard in Resources */,
				0406DD5D2A86F8B900FED117 /* ProductsResponse.json in Resources */,
				04AFC8D62A8288BC00904B0F /* Assets.xcassets in Resources */,
			);
			runOnlyForDeploymentPostprocessing = 0;
		};
		04AFC8DD2A8288BC00904B0F /* Resources */ = {
			isa = PBXResourcesBuildPhase;
			buildActionMask = 2147483647;
			files = (
			);
			runOnlyForDeploymentPostprocessing = 0;
		};
		04AFC8E72A8288BC00904B0F /* Resources */ = {
			isa = PBXResourcesBuildPhase;
			buildActionMask = 2147483647;
			files = (
			);
			runOnlyForDeploymentPostprocessing = 0;
		};
/* End PBXResourcesBuildPhase section */

/* Begin PBXShellScriptBuildPhase section */
		25624B6FCB744D7C5C3A1AAF /* [CP] Check Pods Manifest.lock */ = {
			isa = PBXShellScriptBuildPhase;
			buildActionMask = 2147483647;
			files = (
			);
			inputFileListPaths = (
			);
			inputPaths = (
				"${PODS_PODFILE_DIR_PATH}/Podfile.lock",
				"${PODS_ROOT}/Manifest.lock",
			);
			name = "[CP] Check Pods Manifest.lock";
			outputFileListPaths = (
			);
			outputPaths = (
				"$(DERIVED_FILE_DIR)/Pods-ProductApp-ProductAppUITests-checkManifestLockResult.txt",
			);
			runOnlyForDeploymentPostprocessing = 0;
			shellPath = /bin/sh;
			shellScript = "diff \"${PODS_PODFILE_DIR_PATH}/Podfile.lock\" \"${PODS_ROOT}/Manifest.lock\" > /dev/null\nif [ $? != 0 ] ; then\n    # print error to STDERR\n    echo \"error: The sandbox is not in sync with the Podfile.lock. Run 'pod install' or update your CocoaPods installation.\" >&2\n    exit 1\nfi\n# This output is used by Xcode 'outputs' to avoid re-running this script phase.\necho \"SUCCESS\" > \"${SCRIPT_OUTPUT_FILE_0}\"\n";
			showEnvVarsInLog = 0;
		};
		4F885BD27BB582BC42ED8034 /* [CP] Check Pods Manifest.lock */ = {
			isa = PBXShellScriptBuildPhase;
			buildActionMask = 2147483647;
			files = (
			);
			inputFileListPaths = (
			);
			inputPaths = (
				"${PODS_PODFILE_DIR_PATH}/Podfile.lock",
				"${PODS_ROOT}/Manifest.lock",
			);
			name = "[CP] Check Pods Manifest.lock";
			outputFileListPaths = (
			);
			outputPaths = (
				"$(DERIVED_FILE_DIR)/Pods-ProductAppTests-checkManifestLockResult.txt",
			);
			runOnlyForDeploymentPostprocessing = 0;
			shellPath = /bin/sh;
			shellScript = "diff \"${PODS_PODFILE_DIR_PATH}/Podfile.lock\" \"${PODS_ROOT}/Manifest.lock\" > /dev/null\nif [ $? != 0 ] ; then\n    # print error to STDERR\n    echo \"error: The sandbox is not in sync with the Podfile.lock. Run 'pod install' or update your CocoaPods installation.\" >&2\n    exit 1\nfi\n# This output is used by Xcode 'outputs' to avoid re-running this script phase.\necho \"SUCCESS\" > \"${SCRIPT_OUTPUT_FILE_0}\"\n";
			showEnvVarsInLog = 0;
		};
		5B91CCEFCC7246056E42D886 /* [CP] Embed Pods Frameworks */ = {
			isa = PBXShellScriptBuildPhase;
			buildActionMask = 2147483647;
			files = (
			);
			inputFileListPaths = (
				"${PODS_ROOT}/Target Support Files/Pods-ProductAppTests/Pods-ProductAppTests-frameworks-${CONFIGURATION}-input-files.xcfilelist",
			);
			name = "[CP] Embed Pods Frameworks";
			outputFileListPaths = (
				"${PODS_ROOT}/Target Support Files/Pods-ProductAppTests/Pods-ProductAppTests-frameworks-${CONFIGURATION}-output-files.xcfilelist",
			);
			runOnlyForDeploymentPostprocessing = 0;
			shellPath = /bin/sh;
			shellScript = "\"${PODS_ROOT}/Target Support Files/Pods-ProductAppTests/Pods-ProductAppTests-frameworks.sh\"\n";
			showEnvVarsInLog = 0;
		};
		81A1F276F9F148683EAAD966 /* [CP] Embed Pods Frameworks */ = {
			isa = PBXShellScriptBuildPhase;
			buildActionMask = 2147483647;
			files = (
			);
			inputFileListPaths = (
				"${PODS_ROOT}/Target Support Files/Pods-ProductApp/Pods-ProductApp-frameworks-${CONFIGURATION}-input-files.xcfilelist",
			);
			name = "[CP] Embed Pods Frameworks";
			outputFileListPaths = (
				"${PODS_ROOT}/Target Support Files/Pods-ProductApp/Pods-ProductApp-frameworks-${CONFIGURATION}-output-files.xcfilelist",
			);
			runOnlyForDeploymentPostprocessing = 0;
			shellPath = /bin/sh;
			shellScript = "\"${PODS_ROOT}/Target Support Files/Pods-ProductApp/Pods-ProductApp-frameworks.sh\"\n";
			showEnvVarsInLog = 0;
		};
		8DF3D351CC1641E590FB3D02 /* [CP] Embed Pods Frameworks */ = {
			isa = PBXShellScriptBuildPhase;
			buildActionMask = 2147483647;
			files = (
			);
			inputFileListPaths = (
				"${PODS_ROOT}/Target Support Files/Pods-ProductApp-ProductAppUITests/Pods-ProductApp-ProductAppUITests-frameworks-${CONFIGURATION}-input-files.xcfilelist",
			);
			name = "[CP] Embed Pods Frameworks";
			outputFileListPaths = (
				"${PODS_ROOT}/Target Support Files/Pods-ProductApp-ProductAppUITests/Pods-ProductApp-ProductAppUITests-frameworks-${CONFIGURATION}-output-files.xcfilelist",
			);
			runOnlyForDeploymentPostprocessing = 0;
			shellPath = /bin/sh;
			shellScript = "\"${PODS_ROOT}/Target Support Files/Pods-ProductApp-ProductAppUITests/Pods-ProductApp-ProductAppUITests-frameworks.sh\"\n";
			showEnvVarsInLog = 0;
		};
		A2CD94C5EA173F75D05B8A80 /* [CP] Check Pods Manifest.lock */ = {
			isa = PBXShellScriptBuildPhase;
			buildActionMask = 2147483647;
			files = (
			);
			inputFileListPaths = (
			);
			inputPaths = (
				"${PODS_PODFILE_DIR_PATH}/Podfile.lock",
				"${PODS_ROOT}/Manifest.lock",
			);
			name = "[CP] Check Pods Manifest.lock";
			outputFileListPaths = (
			);
			outputPaths = (
				"$(DERIVED_FILE_DIR)/Pods-ProductApp-checkManifestLockResult.txt",
			);
			runOnlyForDeploymentPostprocessing = 0;
			shellPath = /bin/sh;
			shellScript = "diff \"${PODS_PODFILE_DIR_PATH}/Podfile.lock\" \"${PODS_ROOT}/Manifest.lock\" > /dev/null\nif [ $? != 0 ] ; then\n    # print error to STDERR\n    echo \"error: The sandbox is not in sync with the Podfile.lock. Run 'pod install' or update your CocoaPods installation.\" >&2\n    exit 1\nfi\n# This output is used by Xcode 'outputs' to avoid re-running this script phase.\necho \"SUCCESS\" > \"${SCRIPT_OUTPUT_FILE_0}\"\n";
			showEnvVarsInLog = 0;
		};
/* End PBXShellScriptBuildPhase section */

/* Begin PBXSourcesBuildPhase section */
		04AFC8C52A8288BC00904B0F /* Sources */ = {
			isa = PBXSourcesBuildPhase;
			buildActionMask = 2147483647;
			files = (
				04AFC91B2A829C6D00904B0F /* BaseViewModel.swift in Sources */,
				04AFC92C2A82A7C600904B0F /* NetworkError.swift in Sources */,
				04115A192A83B6A400A0CBC5 /* UIToolbar.swift in Sources */,
				0406DD4E2A865ADD00FED117 /* CacheManagerProtocol.swift in Sources */,
				04AFC91E2A829DD200904B0F /* ErrorDataView.swift in Sources */,
				04AFC9362A82A9BF00904B0F /* NetworkManager.swift in Sources */,
				04AFC9232A82A0F200904B0F /* ProductsViewModel.swift in Sources */,
				0406DD402A8612E800FED117 /* ProductDetailsViewModel.swift in Sources */,
				04AFC8CD2A8288BC00904B0F /* AppDelegate.swift in Sources */,
				0406DD522A866BAB00FED117 /* DetachableObjectProtocol.swift in Sources */,
				0406DD4B2A86330200FED117 /* ProductPhotoCell.swift in Sources */,
				04AFC9302A82A8BA00904B0F /* Dictionary.swift in Sources */,
				04AFC9142A8298DA00904B0F /* UINavigationController.swift in Sources */,
				04AFC93A2A82B7DB00904B0F /* ProductsEndpoint.swift in Sources */,
				041068532A84D56600B47B53 /* FilterItem.swift in Sources */,
				04AFC9432A82C33800904B0F /* Category.swift in Sources */,
				0406DD482A86259800FED117 /* UIAddressView.swift in Sources */,
				0406DD502A865AEA00FED117 /* CacheManager.swift in Sources */,
				04AFC9162A829A3100904B0F /* Constant.swift in Sources */,
				04AFC93C2A82B7EE00904B0F /* ProductService.swift in Sources */,
				04AFC9032A82921400904B0F /* MainCoordinator.swift in Sources */,
				04115A2F2A84187800A0CBC5 /* SortMethodSectionCell.swift in Sources */,
				04AFC9412A82C32A00904B0F /* Rating.swift in Sources */,
				04115A012A83671C00A0CBC5 /* ProductViewData.swift in Sources */,
				04AFC9462A82CBED00904B0F /* ProductsCell.swift in Sources */,
				041068572A84E4DC00B47B53 /* SortMethod.swift in Sources */,
				0410685E2A858A8300B47B53 /* Notification.swift in Sources */,
				04115A292A83DF0700A0CBC5 /* CategoryItemCell.swift in Sources */,
				0410685C2A8541D300B47B53 /* UIFiltersView.swift in Sources */,
				04115A1F2A83CE5700A0CBC5 /* FiltersController.swift in Sources */,
				04AFC8CF2A8288BC00904B0F /* SceneDelegate.swift in Sources */,
				04AFC9192A829B4D00904B0F /* BaseViewController.swift in Sources */,
				0406DD3C2A86122B00FED117 /* ProductDetailsViewModelProtocol.swift in Sources */,
				0410685A2A85419800B47B53 /* UIFiltersViewProtocol.swift in Sources */,
				04115A1B2A83B6EB00A0CBC5 /* UIStackView.swift in Sources */,
				0406DD462A861F0F00FED117 /* UIProductDetailsView.swift in Sources */,
				04115A152A839A3800A0CBC5 /* ProductsController+Binding.swift in Sources */,
				04115A172A83A70900A0CBC5 /* UIHeaderView.swift in Sources */,
				04AFC9122A82986400904B0F /* UIView.swift in Sources */,
				04115A032A836BDA00A0CBC5 /* UIColor.swift in Sources */,
				04AFC9322A82A95C00904B0F /* Endpoint.swift in Sources */,
				04115A2D2A84143B00A0CBC5 /* CategorySectionCell.swift in Sources */,
				0406DD582A866EB900FED117 /* ProductObject.swift in Sources */,
				04AFC9012A8291DD00904B0F /* Coordinator.swift in Sources */,
				04115A0D2A83816C00A0CBC5 /* UICollectionView.swift in Sources */,
				04AFC93F2A82C2F700904B0F /* Product.swift in Sources */,
				04115A312A841AF100A0CBC5 /* UITableView.swift in Sources */,
				04AFC9092A8292AA00904B0F /* SplashController.swift in Sources */,
				04AFC9212A82A0D100904B0F /* ProductsViewModelProtocol.swift in Sources */,
				04AFC92E2A82A89C00904B0F /* String.swift in Sources */,
				04115A052A8372F500A0CBC5 /* RatingViewData.swift in Sources */,
				04AFC92A2A82A79300904B0F /* Methods.swift in Sources */,
				04115A222A83CEA700A0CBC5 /* FiltersViewModelProtocol.swift in Sources */,
				0410684D2A84BF5B00B47B53 /* ButtonSectionCell.swift in Sources */,
				041068552A84D58400B47B53 /* FilterSectionModel.swift in Sources */,
				04115A262A83DBDE00A0CBC5 /* UIButton.swift in Sources */,
				04115A2B2A83F24200A0CBC5 /* SortMethodItemCell.swift in Sources */,
				04AFC9342A82A98600904B0F /* NetworkManagerProtocol.swift in Sources */,
				04AFC90F2A82939800904B0F /* ProductsController.swift in Sources */,
				04115A242A83CEDB00A0CBC5 /* FiltersViewModel.swift in Sources */,
				0406DD3E2A86129300FED117 /* ProductDetailsController.swift in Sources */,
				04AFC9482A82D59400904B0F /* UIRatingView.swift in Sources */,
			);
			runOnlyForDeploymentPostprocessing = 0;
		};
		04AFC8DB2A8288BC00904B0F /* Sources */ = {
			isa = PBXSourcesBuildPhase;
			buildActionMask = 2147483647;
			files = (
				0406DD602A86F93800FED117 /* MockedProductServiceTests.swift in Sources */,
				0474CFDF2A87AD2D00EF323E /* ProductDetailsViewModelTests.swift in Sources */,
				0406DD622A86FB0E00FED117 /* ActualProductServiceTests.swift in Sources */,
				0406DD5B2A86F81600FED117 /* MockedProductService.swift in Sources */,
				0474CFDD2A87937900EF323E /* ProductsViewModelTests.swift in Sources */,
				04AFC8E42A8288BC00904B0F /* ProductAppTests.swift in Sources */,
			);
			runOnlyForDeploymentPostprocessing = 0;
		};
		04AFC8E52A8288BC00904B0F /* Sources */ = {
			isa = PBXSourcesBuildPhase;
			buildActionMask = 2147483647;
			files = (
				04AFC8F02A8288BC00904B0F /* ProductAppUITestsLaunchTests.swift in Sources */,
				04AFC8EE2A8288BC00904B0F /* ProductAppUITests.swift in Sources */,
			);
			runOnlyForDeploymentPostprocessing = 0;
		};
/* End PBXSourcesBuildPhase section */

/* Begin PBXTargetDependency section */
		04AFC8E12A8288BC00904B0F /* PBXTargetDependency */ = {
			isa = PBXTargetDependency;
			target = 04AFC8C82A8288BC00904B0F /* ProductApp */;
			targetProxy = 04AFC8E02A8288BC00904B0F /* PBXContainerItemProxy */;
		};
		04AFC8EB2A8288BC00904B0F /* PBXTargetDependency */ = {
			isa = PBXTargetDependency;
			target = 04AFC8C82A8288BC00904B0F /* ProductApp */;
			targetProxy = 04AFC8EA2A8288BC00904B0F /* PBXContainerItemProxy */;
		};
/* End PBXTargetDependency section */

/* Begin PBXVariantGroup section */
		04AFC8D72A8288BC00904B0F /* LaunchScreen.storyboard */ = {
			isa = PBXVariantGroup;
			children = (
				04AFC8D82A8288BC00904B0F /* Base */,
			);
			name = LaunchScreen.storyboard;
			sourceTree = "<group>";
		};
/* End PBXVariantGroup section */

/* Begin XCBuildConfiguration section */
		04AFC8F12A8288BC00904B0F /* Debug */ = {
			isa = XCBuildConfiguration;
			buildSettings = {
				ALWAYS_SEARCH_USER_PATHS = NO;
				CLANG_ANALYZER_NONNULL = YES;
				CLANG_ANALYZER_NUMBER_OBJECT_CONVERSION = YES_AGGRESSIVE;
				CLANG_CXX_LANGUAGE_STANDARD = "gnu++20";
				CLANG_ENABLE_MODULES = YES;
				CLANG_ENABLE_OBJC_ARC = YES;
				CLANG_ENABLE_OBJC_WEAK = YES;
				CLANG_WARN_BLOCK_CAPTURE_AUTORELEASING = YES;
				CLANG_WARN_BOOL_CONVERSION = YES;
				CLANG_WARN_COMMA = YES;
				CLANG_WARN_CONSTANT_CONVERSION = YES;
				CLANG_WARN_DEPRECATED_OBJC_IMPLEMENTATIONS = YES;
				CLANG_WARN_DIRECT_OBJC_ISA_USAGE = YES_ERROR;
				CLANG_WARN_DOCUMENTATION_COMMENTS = YES;
				CLANG_WARN_EMPTY_BODY = YES;
				CLANG_WARN_ENUM_CONVERSION = YES;
				CLANG_WARN_INFINITE_RECURSION = YES;
				CLANG_WARN_INT_CONVERSION = YES;
				CLANG_WARN_NON_LITERAL_NULL_CONVERSION = YES;
				CLANG_WARN_OBJC_IMPLICIT_RETAIN_SELF = YES;
				CLANG_WARN_OBJC_LITERAL_CONVERSION = YES;
				CLANG_WARN_OBJC_ROOT_CLASS = YES_ERROR;
				CLANG_WARN_QUOTED_INCLUDE_IN_FRAMEWORK_HEADER = YES;
				CLANG_WARN_RANGE_LOOP_ANALYSIS = YES;
				CLANG_WARN_STRICT_PROTOTYPES = YES;
				CLANG_WARN_SUSPICIOUS_MOVE = YES;
				CLANG_WARN_UNGUARDED_AVAILABILITY = YES_AGGRESSIVE;
				CLANG_WARN_UNREACHABLE_CODE = YES;
				CLANG_WARN__DUPLICATE_METHOD_MATCH = YES;
				COPY_PHASE_STRIP = NO;
				DEBUG_INFORMATION_FORMAT = dwarf;
				ENABLE_STRICT_OBJC_MSGSEND = YES;
				ENABLE_TESTABILITY = YES;
				GCC_C_LANGUAGE_STANDARD = gnu11;
				GCC_DYNAMIC_NO_PIC = NO;
				GCC_NO_COMMON_BLOCKS = YES;
				GCC_OPTIMIZATION_LEVEL = 0;
				GCC_PREPROCESSOR_DEFINITIONS = (
					"DEBUG=1",
					"$(inherited)",
				);
				GCC_WARN_64_TO_32_BIT_CONVERSION = YES;
				GCC_WARN_ABOUT_RETURN_TYPE = YES_ERROR;
				GCC_WARN_UNDECLARED_SELECTOR = YES;
				GCC_WARN_UNINITIALIZED_AUTOS = YES_AGGRESSIVE;
				GCC_WARN_UNUSED_FUNCTION = YES;
				GCC_WARN_UNUSED_VARIABLE = YES;
				IPHONEOS_DEPLOYMENT_TARGET = 16.4;
				MTL_ENABLE_DEBUG_INFO = INCLUDE_SOURCE;
				MTL_FAST_MATH = YES;
				ONLY_ACTIVE_ARCH = YES;
				SDKROOT = iphoneos;
				SWIFT_ACTIVE_COMPILATION_CONDITIONS = DEBUG;
				SWIFT_OPTIMIZATION_LEVEL = "-Onone";
			};
			name = Debug;
		};
		04AFC8F22A8288BC00904B0F /* Release */ = {
			isa = XCBuildConfiguration;
			buildSettings = {
				ALWAYS_SEARCH_USER_PATHS = NO;
				CLANG_ANALYZER_NONNULL = YES;
				CLANG_ANALYZER_NUMBER_OBJECT_CONVERSION = YES_AGGRESSIVE;
				CLANG_CXX_LANGUAGE_STANDARD = "gnu++20";
				CLANG_ENABLE_MODULES = YES;
				CLANG_ENABLE_OBJC_ARC = YES;
				CLANG_ENABLE_OBJC_WEAK = YES;
				CLANG_WARN_BLOCK_CAPTURE_AUTORELEASING = YES;
				CLANG_WARN_BOOL_CONVERSION = YES;
				CLANG_WARN_COMMA = YES;
				CLANG_WARN_CONSTANT_CONVERSION = YES;
				CLANG_WARN_DEPRECATED_OBJC_IMPLEMENTATIONS = YES;
				CLANG_WARN_DIRECT_OBJC_ISA_USAGE = YES_ERROR;
				CLANG_WARN_DOCUMENTATION_COMMENTS = YES;
				CLANG_WARN_EMPTY_BODY = YES;
				CLANG_WARN_ENUM_CONVERSION = YES;
				CLANG_WARN_INFINITE_RECURSION = YES;
				CLANG_WARN_INT_CONVERSION = YES;
				CLANG_WARN_NON_LITERAL_NULL_CONVERSION = YES;
				CLANG_WARN_OBJC_IMPLICIT_RETAIN_SELF = YES;
				CLANG_WARN_OBJC_LITERAL_CONVERSION = YES;
				CLANG_WARN_OBJC_ROOT_CLASS = YES_ERROR;
				CLANG_WARN_QUOTED_INCLUDE_IN_FRAMEWORK_HEADER = YES;
				CLANG_WARN_RANGE_LOOP_ANALYSIS = YES;
				CLANG_WARN_STRICT_PROTOTYPES = YES;
				CLANG_WARN_SUSPICIOUS_MOVE = YES;
				CLANG_WARN_UNGUARDED_AVAILABILITY = YES_AGGRESSIVE;
				CLANG_WARN_UNREACHABLE_CODE = YES;
				CLANG_WARN__DUPLICATE_METHOD_MATCH = YES;
				COPY_PHASE_STRIP = NO;
				DEBUG_INFORMATION_FORMAT = "dwarf-with-dsym";
				ENABLE_NS_ASSERTIONS = NO;
				ENABLE_STRICT_OBJC_MSGSEND = YES;
				GCC_C_LANGUAGE_STANDARD = gnu11;
				GCC_NO_COMMON_BLOCKS = YES;
				GCC_WARN_64_TO_32_BIT_CONVERSION = YES;
				GCC_WARN_ABOUT_RETURN_TYPE = YES_ERROR;
				GCC_WARN_UNDECLARED_SELECTOR = YES;
				GCC_WARN_UNINITIALIZED_AUTOS = YES_AGGRESSIVE;
				GCC_WARN_UNUSED_FUNCTION = YES;
				GCC_WARN_UNUSED_VARIABLE = YES;
				IPHONEOS_DEPLOYMENT_TARGET = 16.4;
				MTL_ENABLE_DEBUG_INFO = NO;
				MTL_FAST_MATH = YES;
				SDKROOT = iphoneos;
				SWIFT_COMPILATION_MODE = wholemodule;
				SWIFT_OPTIMIZATION_LEVEL = "-O";
				VALIDATE_PRODUCT = YES;
			};
			name = Release;
		};
		04AFC8F42A8288BC00904B0F /* Debug */ = {
			isa = XCBuildConfiguration;
			baseConfigurationReference = 49D0AC851892B6197891C7E3 /* Pods-ProductApp.debug.xcconfig */;
			buildSettings = {
				ASSETCATALOG_COMPILER_APPICON_NAME = AppIcon;
				ASSETCATALOG_COMPILER_GLOBAL_ACCENT_COLOR_NAME = AccentColor;
				CODE_SIGN_STYLE = Automatic;
				CURRENT_PROJECT_VERSION = 1;
				GENERATE_INFOPLIST_FILE = YES;
				INFOPLIST_FILE = ProductApp/Utilities/Info.plist;
				INFOPLIST_KEY_UIApplicationSupportsIndirectInputEvents = YES;
				INFOPLIST_KEY_UILaunchStoryboardName = LaunchScreen;
				INFOPLIST_KEY_UIMainStoryboardFile = "";
				INFOPLIST_KEY_UISupportedInterfaceOrientations_iPad = "UIInterfaceOrientationPortrait UIInterfaceOrientationPortraitUpsideDown UIInterfaceOrientationLandscapeLeft UIInterfaceOrientationLandscapeRight";
				INFOPLIST_KEY_UISupportedInterfaceOrientations_iPhone = "UIInterfaceOrientationPortrait UIInterfaceOrientationLandscapeLeft UIInterfaceOrientationLandscapeRight";
				LD_RUNPATH_SEARCH_PATHS = (
					"$(inherited)",
					"@executable_path/Frameworks",
				);
				MARKETING_VERSION = 1.0;
				PRODUCT_BUNDLE_IDENTIFIER = com.mohannad.ProductApp;
				PRODUCT_NAME = "$(TARGET_NAME)";
				SWIFT_EMIT_LOC_STRINGS = YES;
				SWIFT_VERSION = 5.0;
				TARGETED_DEVICE_FAMILY = "1,2";
			};
			name = Debug;
		};
		04AFC8F52A8288BC00904B0F /* Release */ = {
			isa = XCBuildConfiguration;
			baseConfigurationReference = 1EA23221CD992935EA2F4B51 /* Pods-ProductApp.release.xcconfig */;
			buildSettings = {
				ASSETCATALOG_COMPILER_APPICON_NAME = AppIcon;
				ASSETCATALOG_COMPILER_GLOBAL_ACCENT_COLOR_NAME = AccentColor;
				CODE_SIGN_STYLE = Automatic;
				CURRENT_PROJECT_VERSION = 1;
				GENERATE_INFOPLIST_FILE = YES;
				INFOPLIST_FILE = ProductApp/Utilities/Info.plist;
				INFOPLIST_KEY_UIApplicationSupportsIndirectInputEvents = YES;
				INFOPLIST_KEY_UILaunchStoryboardName = LaunchScreen;
				INFOPLIST_KEY_UIMainStoryboardFile = "";
				INFOPLIST_KEY_UISupportedInterfaceOrientations_iPad = "UIInterfaceOrientationPortrait UIInterfaceOrientationPortraitUpsideDown UIInterfaceOrientationLandscapeLeft UIInterfaceOrientationLandscapeRight";
				INFOPLIST_KEY_UISupportedInterfaceOrientations_iPhone = "UIInterfaceOrientationPortrait UIInterfaceOrientationLandscapeLeft UIInterfaceOrientationLandscapeRight";
				LD_RUNPATH_SEARCH_PATHS = (
					"$(inherited)",
					"@executable_path/Frameworks",
				);
				MARKETING_VERSION = 1.0;
				PRODUCT_BUNDLE_IDENTIFIER = com.mohannad.ProductApp;
				PRODUCT_NAME = "$(TARGET_NAME)";
				SWIFT_EMIT_LOC_STRINGS = YES;
				SWIFT_VERSION = 5.0;
				TARGETED_DEVICE_FAMILY = "1,2";
			};
			name = Release;
		};
		04AFC8F72A8288BC00904B0F /* Debug */ = {
			isa = XCBuildConfiguration;
			baseConfigurationReference = D05C93674C1661D6FF94AAE9 /* Pods-ProductAppTests.debug.xcconfig */;
			buildSettings = {
				ALWAYS_EMBED_SWIFT_STANDARD_LIBRARIES = YES;
				BUNDLE_LOADER = "$(TEST_HOST)";
				CODE_SIGN_STYLE = Automatic;
				CURRENT_PROJECT_VERSION = 1;
				GENERATE_INFOPLIST_FILE = YES;
				IPHONEOS_DEPLOYMENT_TARGET = 16.4;
				MARKETING_VERSION = 1.0;
				PRODUCT_BUNDLE_IDENTIFIER = com.mohannad.ProductAppTests;
				PRODUCT_NAME = "$(TARGET_NAME)";
				SWIFT_EMIT_LOC_STRINGS = NO;
				SWIFT_VERSION = 5.0;
				TARGETED_DEVICE_FAMILY = "1,2";
				TEST_HOST = "$(BUILT_PRODUCTS_DIR)/ProductApp.app/$(BUNDLE_EXECUTABLE_FOLDER_PATH)/ProductApp";
			};
			name = Debug;
		};
		04AFC8F82A8288BC00904B0F /* Release */ = {
			isa = XCBuildConfiguration;
			baseConfigurationReference = CFA958B8456993A92F40A70B /* Pods-ProductAppTests.release.xcconfig */;
			buildSettings = {
				ALWAYS_EMBED_SWIFT_STANDARD_LIBRARIES = YES;
				BUNDLE_LOADER = "$(TEST_HOST)";
				CODE_SIGN_STYLE = Automatic;
				CURRENT_PROJECT_VERSION = 1;
				GENERATE_INFOPLIST_FILE = YES;
				IPHONEOS_DEPLOYMENT_TARGET = 16.4;
				MARKETING_VERSION = 1.0;
				PRODUCT_BUNDLE_IDENTIFIER = com.mohannad.ProductAppTests;
				PRODUCT_NAME = "$(TARGET_NAME)";
				SWIFT_EMIT_LOC_STRINGS = NO;
				SWIFT_VERSION = 5.0;
				TARGETED_DEVICE_FAMILY = "1,2";
				TEST_HOST = "$(BUILT_PRODUCTS_DIR)/ProductApp.app/$(BUNDLE_EXECUTABLE_FOLDER_PATH)/ProductApp";
			};
			name = Release;
		};
		04AFC8FA2A8288BD00904B0F /* Debug */ = {
			isa = XCBuildConfiguration;
			baseConfigurationReference = 09F9FBEC1C7AA0E34643924A /* Pods-ProductApp-ProductAppUITests.debug.xcconfig */;
			buildSettings = {
				ALWAYS_EMBED_SWIFT_STANDARD_LIBRARIES = YES;
				CODE_SIGN_STYLE = Automatic;
				CURRENT_PROJECT_VERSION = 1;
				GENERATE_INFOPLIST_FILE = YES;
				MARKETING_VERSION = 1.0;
				PRODUCT_BUNDLE_IDENTIFIER = com.mohannad.ProductAppUITests;
				PRODUCT_NAME = "$(TARGET_NAME)";
				SWIFT_EMIT_LOC_STRINGS = NO;
				SWIFT_VERSION = 5.0;
				TARGETED_DEVICE_FAMILY = "1,2";
				TEST_TARGET_NAME = ProductApp;
			};
			name = Debug;
		};
		04AFC8FB2A8288BD00904B0F /* Release */ = {
			isa = XCBuildConfiguration;
			baseConfigurationReference = 10987BD50C59442A2D6F9914 /* Pods-ProductApp-ProductAppUITests.release.xcconfig */;
			buildSettings = {
				ALWAYS_EMBED_SWIFT_STANDARD_LIBRARIES = YES;
				CODE_SIGN_STYLE = Automatic;
				CURRENT_PROJECT_VERSION = 1;
				GENERATE_INFOPLIST_FILE = YES;
				MARKETING_VERSION = 1.0;
				PRODUCT_BUNDLE_IDENTIFIER = com.mohannad.ProductAppUITests;
				PRODUCT_NAME = "$(TARGET_NAME)";
				SWIFT_EMIT_LOC_STRINGS = NO;
				SWIFT_VERSION = 5.0;
				TARGETED_DEVICE_FAMILY = "1,2";
				TEST_TARGET_NAME = ProductApp;
			};
			name = Release;
		};
/* End XCBuildConfiguration section */

/* Begin XCConfigurationList section */
		04AFC8C42A8288BC00904B0F /* Build configuration list for PBXProject "ProductApp" */ = {
			isa = XCConfigurationList;
			buildConfigurations = (
				04AFC8F12A8288BC00904B0F /* Debug */,
				04AFC8F22A8288BC00904B0F /* Release */,
			);
			defaultConfigurationIsVisible = 0;
			defaultConfigurationName = Release;
		};
		04AFC8F32A8288BC00904B0F /* Build configuration list for PBXNativeTarget "ProductApp" */ = {
			isa = XCConfigurationList;
			buildConfigurations = (
				04AFC8F42A8288BC00904B0F /* Debug */,
				04AFC8F52A8288BC00904B0F /* Release */,
			);
			defaultConfigurationIsVisible = 0;
			defaultConfigurationName = Release;
		};
		04AFC8F62A8288BC00904B0F /* Build configuration list for PBXNativeTarget "ProductAppTests" */ = {
			isa = XCConfigurationList;
			buildConfigurations = (
				04AFC8F72A8288BC00904B0F /* Debug */,
				04AFC8F82A8288BC00904B0F /* Release */,
			);
			defaultConfigurationIsVisible = 0;
			defaultConfigurationName = Release;
		};
		04AFC8F92A8288BD00904B0F /* Build configuration list for PBXNativeTarget "ProductAppUITests" */ = {
			isa = XCConfigurationList;
			buildConfigurations = (
				04AFC8FA2A8288BD00904B0F /* Debug */,
				04AFC8FB2A8288BD00904B0F /* Release */,
			);
			defaultConfigurationIsVisible = 0;
			defaultConfigurationName = Release;
		};
/* End XCConfigurationList section */
	};
	rootObject = 04AFC8C12A8288BC00904B0F /* Project object */;
}
