// !$*UTF8*$!
{
	archiveVersion = 1;
	classes = {
	};
	objectVersion = 56;
	objects = {

/* Begin PBXBuildFile section */
		04AFC8CD2A8288BC00904B0F /* AppDelegate.swift in Sources */ = {isa = PBXBuildFile; fileRef = 04AFC8CC2A8288BC00904B0F /* AppDelegate.swift */; };
		04AFC8CF2A8288BC00904B0F /* SceneDelegate.swift in Sources */ = {isa = PBXBuildFile; fileRef = 04AFC8CE2A8288BC00904B0F /* SceneDelegate.swift */; };
		04AFC8D12A8288BC00904B0F /* ViewController.swift in Sources */ = {isa = PBXBuildFile; fileRef = 04AFC8D02A8288BC00904B0F /* ViewController.swift */; };
		04AFC8D42A8288BC00904B0F /* Main.storyboard in Resources */ = {isa = PBXBuildFile; fileRef = 04AFC8D22A8288BC00904B0F /* Main.storyboard */; };
		04AFC8D62A8288BC00904B0F /* Assets.xcassets in Resources */ = {isa = PBXBuildFile; fileRef = 04AFC8D52A8288BC00904B0F /* Assets.xcassets */; };
		04AFC8D92A8288BC00904B0F /* LaunchScreen.storyboard in Resources */ = {isa = PBXBuildFile; fileRef = 04AFC8D72A8288BC00904B0F /* LaunchScreen.storyboard */; };
		04AFC8E42A8288BC00904B0F /* ProductAppTests.swift in Sources */ = {isa = PBXBuildFile; fileRef = 04AFC8E32A8288BC00904B0F /* ProductAppTests.swift */; };
		04AFC8EE2A8288BC00904B0F /* ProductAppUITests.swift in Sources */ = {isa = PBXBuildFile; fileRef = 04AFC8ED2A8288BC00904B0F /* ProductAppUITests.swift */; };
		04AFC8F02A8288BC00904B0F /* ProductAppUITestsLaunchTests.swift in Sources */ = {isa = PBXBuildFile; fileRef = 04AFC8EF2A8288BC00904B0F /* ProductAppUITestsLaunchTests.swift */; };
/* End PBXBuildFile section */

/* Begin PBXContainerItemProxy section */
		04AFC8E02A8288BC00904B0F /* PBXContainerItemProxy */ = {
			isa = PBXContainerItemProxy;
			containerPortal = 04AFC8C12A8288BC00904B0F /* Project object */;
			proxyType = 1;
			remoteGlobalIDString = 04AFC8C82A8288BC00904B0F;
			remoteInfo = ProductApp;
		};
		04AFC8EA2A8288BC00904B0F /* PBXContainerItemProxy */ = {
			isa = PBXContainerItemProxy;
			containerPortal = 04AFC8C12A8288BC00904B0F /* Project object */;
			proxyType = 1;
			remoteGlobalIDString = 04AFC8C82A8288BC00904B0F;
			remoteInfo = ProductApp;
		};
/* End PBXContainerItemProxy section */

/* Begin PBXFileReference section */
		04AFC8C92A8288BC00904B0F /* ProductApp.app */ = {isa = PBXFileReference; explicitFileType = wrapper.application; includeInIndex = 0; path = ProductApp.app; sourceTree = BUILT_PRODUCTS_DIR; };
		04AFC8CC2A8288BC00904B0F /* AppDelegate.swift */ = {isa = PBXFileReference; lastKnownFileType = sourcecode.swift; path = AppDelegate.swift; sourceTree = "<group>"; };
		04AFC8CE2A8288BC00904B0F /* SceneDelegate.swift */ = {isa = PBXFileReference; lastKnownFileType = sourcecode.swift; path = SceneDelegate.swift; sourceTree = "<group>"; };
		04AFC8D02A8288BC00904B0F /* ViewController.swift */ = {isa = PBXFileReference; lastKnownFileType = sourcecode.swift; path = ViewController.swift; sourceTree = "<group>"; };
		04AFC8D32A8288BC00904B0F /* Base */ = {isa = PBXFileReference; lastKnownFileType = file.storyboard; name = Base; path = Base.lproj/Main.storyboard; sourceTree = "<group>"; };
		04AFC8D52A8288BC00904B0F /* Assets.xcassets */ = {isa = PBXFileReference; lastKnownFileType = folder.assetcatalog; path = Assets.xcassets; sourceTree = "<group>"; };
		04AFC8D82A8288BC00904B0F /* Base */ = {isa = PBXFileReference; lastKnownFileType = file.storyboard; name = Base; path = Base.lproj/LaunchScreen.storyboard; sourceTree = "<group>"; };
		04AFC8DA2A8288BC00904B0F /* Info.plist */ = {isa = PBXFileReference; lastKnownFileType = text.plist.xml; path = Info.plist; sourceTree = "<group>"; };
		04AFC8DF2A8288BC00904B0F /* ProductAppTests.xctest */ = {isa = PBXFileReference; explicitFileType = wrapper.cfbundle; includeInIndex = 0; path = ProductAppTests.xctest; sourceTree = BUILT_PRODUCTS_DIR; };
		04AFC8E32A8288BC00904B0F /* ProductAppTests.swift */ = {isa = PBXFileReference; lastKnownFileType = sourcecode.swift; path = ProductAppTests.swift; sourceTree = "<group>"; };
		04AFC8E92A8288BC00904B0F /* ProductAppUITests.xctest */ = {isa = PBXFileReference; explicitFileType = wrapper.cfbundle; includeInIndex = 0; path = ProductAppUITests.xctest; sourceTree = BUILT_PRODUCTS_DIR; };
		04AFC8ED2A8288BC00904B0F /* ProductAppUITests.swift */ = {isa = PBXFileReference; lastKnownFileType = sourcecode.swift; path = ProductAppUITests.swift; sourceTree = "<group>"; };
		04AFC8EF2A8288BC00904B0F /* ProductAppUITestsLaunchTests.swift */ = {isa = PBXFileReference; lastKnownFileType = sourcecode.swift; path = ProductAppUITestsLaunchTests.swift; sourceTree = "<group>"; };
/* End PBXFileReference section */

/* Begin PBXFrameworksBuildPhase section */
		04AFC8C62A8288BC00904B0F /* Frameworks */ = {
			isa = PBXFrameworksBuildPhase;
			buildActionMask = 2147483647;
			files = (
			);
			runOnlyForDeploymentPostprocessing = 0;
		};
		04AFC8DC2A8288BC00904B0F /* Frameworks */ = {
			isa = PBXFrameworksBuildPhase;
			buildActionMask = 2147483647;
			files = (
			);
			runOnlyForDeploymentPostprocessing = 0;
		};
		04AFC8E62A8288BC00904B0F /* Frameworks */ = {
			isa = PBXFrameworksBuildPhase;
			buildActionMask = 2147483647;
			files = (
			);
			runOnlyForDeploymentPostprocessing = 0;
		};
/* End PBXFrameworksBuildPhase section */

/* Begin PBXGroup section */
		04AFC8C02A8288BC00904B0F = {
			isa = PBXGroup;
			children = (
				04AFC8CB2A8288BC00904B0F /* ProductApp */,
				04AFC8E22A8288BC00904B0F /* ProductAppTests */,
				04AFC8EC2A8288BC00904B0F /* ProductAppUITests */,
				04AFC8CA2A8288BC00904B0F /* Products */,
			);
			sourceTree = "<group>";
		};
		04AFC8CA2A8288BC00904B0F /* Products */ = {
			isa = PBXGroup;
			children = (
				04AFC8C92A8288BC00904B0F /* ProductApp.app */,
				04AFC8DF2A8288BC00904B0F /* ProductAppTests.xctest */,
				04AFC8E92A8288BC00904B0F /* ProductAppUITests.xctest */,
			);
			name = Products;
			sourceTree = "<group>";
		};
		04AFC8CB2A8288BC00904B0F /* ProductApp */ = {
			isa = PBXGroup;
			children = (
				04AFC8CC2A8288BC00904B0F /* AppDelegate.swift */,
				04AFC8CE2A8288BC00904B0F /* SceneDelegate.swift */,
				04AFC8D02A8288BC00904B0F /* ViewController.swift */,
				04AFC8D22A8288BC00904B0F /* Main.storyboard */,
				04AFC8D52A8288BC00904B0F /* Assets.xcassets */,
				04AFC8D72A8288BC00904B0F /* LaunchScreen.storyboard */,
				04AFC8DA2A8288BC00904B0F /* Info.plist */,
			);
			path = ProductApp;
			sourceTree = "<group>";
		};
		04AFC8E22A8288BC00904B0F /* ProductAppTests */ = {
			isa = PBXGroup;
			children = (
				04AFC8E32A8288BC00904B0F /* ProductAppTests.swift */,
			);
			path = ProductAppTests;
			sourceTree = "<group>";
		};
		04AFC8EC2A8288BC00904B0F /* ProductAppUITests */ = {
			isa = PBXGroup;
			children = (
				04AFC8ED2A8288BC00904B0F /* ProductAppUITests.swift */,
				04AFC8EF2A8288BC00904B0F /* ProductAppUITestsLaunchTests.swift */,
			);
			path = ProductAppUITests;
			sourceTree = "<group>";
		};
/* End PBXGroup section */

/* Begin PBXNativeTarget section */
		04AFC8C82A8288BC00904B0F /* ProductApp */ = {
			isa = PBXNativeTarget;
			buildConfigurationList = 04AFC8F32A8288BC00904B0F /* Build configuration list for PBXNativeTarget "ProductApp" */;
			buildPhases = (
				04AFC8C52A8288BC00904B0F /* Sources */,
				04AFC8C62A8288BC00904B0F /* Frameworks */,
				04AFC8C72A8288BC00904B0F /* Resources */,
			);
			buildRules = (
			);
			dependencies = (
			);
			name = ProductApp;
			productName = ProductApp;
			productReference = 04AFC8C92A8288BC00904B0F /* ProductApp.app */;
			productType = "com.apple.product-type.application";
		};
		04AFC8DE2A8288BC00904B0F /* ProductAppTests */ = {
			isa = PBXNativeTarget;
			buildConfigurationList = 04AFC8F62A8288BC00904B0F /* Build configuration list for PBXNativeTarget "ProductAppTests" */;
			buildPhases = (
				04AFC8DB2A8288BC00904B0F /* Sources */,
				04AFC8DC2A8288BC00904B0F /* Frameworks */,
				04AFC8DD2A8288BC00904B0F /* Resources */,
			);
			buildRules = (
			);
			dependencies = (
				04AFC8E12A8288BC00904B0F /* PBXTargetDependency */,
			);
			name = ProductAppTests;
			productName = ProductAppTests;
			productReference = 04AFC8DF2A8288BC00904B0F /* ProductAppTests.xctest */;
			productType = "com.apple.product-type.bundle.unit-test";
		};
		04AFC8E82A8288BC00904B0F /* ProductAppUITests */ = {
			isa = PBXNativeTarget;
			buildConfigurationList = 04AFC8F92A8288BD00904B0F /* Build configuration list for PBXNativeTarget "ProductAppUITests" */;
			buildPhases = (
				04AFC8E52A8288BC00904B0F /* Sources */,
				04AFC8E62A8288BC00904B0F /* Frameworks */,
				04AFC8E72A8288BC00904B0F /* Resources */,
			);
			buildRules = (
			);
			dependencies = (
				04AFC8EB2A8288BC00904B0F /* PBXTargetDependency */,
			);
			name = ProductAppUITests;
			productName = ProductAppUITests;
			productReference = 04AFC8E92A8288BC00904B0F /* ProductAppUITests.xctest */;
			productType = "com.apple.product-type.bundle.ui-testing";
		};
/* End PBXNativeTarget section */

/* Begin PBXProject section */
		04AFC8C12A8288BC00904B0F /* Project object */ = {
			isa = PBXProject;
			attributes = {
				BuildIndependentTargetsInParallel = 1;
				LastSwiftUpdateCheck = 1430;
				LastUpgradeCheck = 1430;
				TargetAttributes = {
					04AFC8C82A8288BC00904B0F = {
						CreatedOnToolsVersion = 14.3;
					};
					04AFC8DE2A8288BC00904B0F = {
						CreatedOnToolsVersion = 14.3;
						TestTargetID = 04AFC8C82A8288BC00904B0F;
					};
					04AFC8E82A8288BC00904B0F = {
						CreatedOnToolsVersion = 14.3;
						TestTargetID = 04AFC8C82A8288BC00904B0F;
					};
				};
			};
			buildConfigurationList = 04AFC8C42A8288BC00904B0F /* Build configuration list for PBXProject "ProductApp" */;
			compatibilityVersion = "Xcode 14.0";
			developmentRegion = en;
			hasScannedForEncodings = 0;
			knownRegions = (
				en,
				Base,
			);
			mainGroup = 04AFC8C02A8288BC00904B0F;
			productRefGroup = 04AFC8CA2A8288BC00904B0F /* Products */;
			projectDirPath = "";
			projectRoot = "";
			targets = (
				04AFC8C82A8288BC00904B0F /* ProductApp */,
				04AFC8DE2A8288BC00904B0F /* ProductAppTests */,
				04AFC8E82A8288BC00904B0F /* ProductAppUITests */,
			);
		};
/* End PBXProject section */

/* Begin PBXResourcesBuildPhase section */
		04AFC8C72A8288BC00904B0F /* Resources */ = {
			isa = PBXResourcesBuildPhase;
			buildActionMask = 2147483647;
			files = (
				04AFC8D92A8288BC00904B0F /* LaunchScreen.storyboard in Resources */,
				04AFC8D62A8288BC00904B0F /* Assets.xcassets in Resources */,
				04AFC8D42A8288BC00904B0F /* Main.storyboard in Resources */,
			);
			runOnlyForDeploymentPostprocessing = 0;
		};
		04AFC8DD2A8288BC00904B0F /* Resources */ = {
			isa = PBXResourcesBuildPhase;
			buildActionMask = 2147483647;
			files = (
			);
			runOnlyForDeploymentPostprocessing = 0;
		};
		04AFC8E72A8288BC00904B0F /* Resources */ = {
			isa = PBXResourcesBuildPhase;
			buildActionMask = 2147483647;
			files = (
			);
			runOnlyForDeploymentPostprocessing = 0;
		};
/* End PBXResourcesBuildPhase section */

/* Begin PBXSourcesBuildPhase section */
		04AFC8C52A8288BC00904B0F /* Sources */ = {
			isa = PBXSourcesBuildPhase;
			buildActionMask = 2147483647;
			files = (
				04AFC8D12A8288BC00904B0F /* ViewController.swift in Sources */,
				04AFC8CD2A8288BC00904B0F /* AppDelegate.swift in Sources */,
				04AFC8CF2A8288BC00904B0F /* SceneDelegate.swift in Sources */,
			);
			runOnlyForDeploymentPostprocessing = 0;
		};
		04AFC8DB2A8288BC00904B0F /* Sources */ = {
			isa = PBXSourcesBuildPhase;
			buildActionMask = 2147483647;
			files = (
				04AFC8E42A8288BC00904B0F /* ProductAppTests.swift in Sources */,
			);
			runOnlyForDeploymentPostprocessing = 0;
		};
		04AFC8E52A8288BC00904B0F /* Sources */ = {
			isa = PBXSourcesBuildPhase;
			buildActionMask = 2147483647;
			files = (
				04AFC8F02A8288BC00904B0F /* ProductAppUITestsLaunchTests.swift in Sources */,
				04AFC8EE2A8288BC00904B0F /* ProductAppUITests.swift in Sources */,
			);
			runOnlyForDeploymentPostprocessing = 0;
		};
/* End PBXSourcesBuildPhase section */

/* Begin PBXTargetDependency section */
		04AFC8E12A8288BC00904B0F /* PBXTargetDependency */ = {
			isa = PBXTargetDependency;
			target = 04AFC8C82A8288BC00904B0F /* ProductApp */;
			targetProxy = 04AFC8E02A8288BC00904B0F /* PBXContainerItemProxy */;
		};
		04AFC8EB2A8288BC00904B0F /* PBXTargetDependency */ = {
			isa = PBXTargetDependency;
			target = 04AFC8C82A8288BC00904B0F /* ProductApp */;
			targetProxy = 04AFC8EA2A8288BC00904B0F /* PBXContainerItemProxy */;
		};
/* End PBXTargetDependency section */

/* Begin PBXVariantGroup section */
		04AFC8D22A8288BC00904B0F /* Main.storyboard */ = {
			isa = PBXVariantGroup;
			children = (
				04AFC8D32A8288BC00904B0F /* Base */,
			);
			name = Main.storyboard;
			sourceTree = "<group>";
		};
		04AFC8D72A8288BC00904B0F /* LaunchScreen.storyboard */ = {
			isa = PBXVariantGroup;
			children = (
				04AFC8D82A8288BC00904B0F /* Base */,
			);
			name = LaunchScreen.storyboard;
			sourceTree = "<group>";
		};
/* End PBXVariantGroup section */

/* Begin XCBuildConfiguration section */
		04AFC8F12A8288BC00904B0F /* Debug */ = {
			isa = XCBuildConfiguration;
			buildSettings = {
				ALWAYS_SEARCH_USER_PATHS = NO;
				CLANG_ANALYZER_NONNULL = YES;
				CLANG_ANALYZER_NUMBER_OBJECT_CONVERSION = YES_AGGRESSIVE;
				CLANG_CXX_LANGUAGE_STANDARD = "gnu++20";
				CLANG_ENABLE_MODULES = YES;
				CLANG_ENABLE_OBJC_ARC = YES;
				CLANG_ENABLE_OBJC_WEAK = YES;
				CLANG_WARN_BLOCK_CAPTURE_AUTORELEASING = YES;
				CLANG_WARN_BOOL_CONVERSION = YES;
				CLANG_WARN_COMMA = YES;
				CLANG_WARN_CONSTANT_CONVERSION = YES;
				CLANG_WARN_DEPRECATED_OBJC_IMPLEMENTATIONS = YES;
				CLANG_WARN_DIRECT_OBJC_ISA_USAGE = YES_ERROR;
				CLANG_WARN_DOCUMENTATION_COMMENTS = YES;
				CLANG_WARN_EMPTY_BODY = YES;
				CLANG_WARN_ENUM_CONVERSION = YES;
				CLANG_WARN_INFINITE_RECURSION = YES;
				CLANG_WARN_INT_CONVERSION = YES;
				CLANG_WARN_NON_LITERAL_NULL_CONVERSION = YES;
				CLANG_WARN_OBJC_IMPLICIT_RETAIN_SELF = YES;
				CLANG_WARN_OBJC_LITERAL_CONVERSION = YES;
				CLANG_WARN_OBJC_ROOT_CLASS = YES_ERROR;
				CLANG_WARN_QUOTED_INCLUDE_IN_FRAMEWORK_HEADER = YES;
				CLANG_WARN_RANGE_LOOP_ANALYSIS = YES;
				CLANG_WARN_STRICT_PROTOTYPES = YES;
				CLANG_WARN_SUSPICIOUS_MOVE = YES;
				CLANG_WARN_UNGUARDED_AVAILABILITY = YES_AGGRESSIVE;
				CLANG_WARN_UNREACHABLE_CODE = YES;
				CLANG_WARN__DUPLICATE_METHOD_MATCH = YES;
				COPY_PHASE_STRIP = NO;
				DEBUG_INFORMATION_FORMAT = dwarf;
				ENABLE_STRICT_OBJC_MSGSEND = YES;
				ENABLE_TESTABILITY = YES;
				GCC_C_LANGUAGE_STANDARD = gnu11;
				GCC_DYNAMIC_NO_PIC = NO;
				GCC_NO_COMMON_BLOCKS = YES;
				GCC_OPTIMIZATION_LEVEL = 0;
				GCC_PREPROCESSOR_DEFINITIONS = (
					"DEBUG=1",
					"$(inherited)",
				);
				GCC_WARN_64_TO_32_BIT_CONVERSION = YES;
				GCC_WARN_ABOUT_RETURN_TYPE = YES_ERROR;
				GCC_WARN_UNDECLARED_SELECTOR = YES;
				GCC_WARN_UNINITIALIZED_AUTOS = YES_AGGRESSIVE;
				GCC_WARN_UNUSED_FUNCTION = YES;
				GCC_WARN_UNUSED_VARIABLE = YES;
				IPHONEOS_DEPLOYMENT_TARGET = 16.4;
				MTL_ENABLE_DEBUG_INFO = INCLUDE_SOURCE;
				MTL_FAST_MATH = YES;
				ONLY_ACTIVE_ARCH = YES;
				SDKROOT = iphoneos;
				SWIFT_ACTIVE_COMPILATION_CONDITIONS = DEBUG;
				SWIFT_OPTIMIZATION_LEVEL = "-Onone";
			};
			name = Debug;
		};
		04AFC8F22A8288BC00904B0F /* Release */ = {
			isa = XCBuildConfiguration;
			buildSettings = {
				ALWAYS_SEARCH_USER_PATHS = NO;
				CLANG_ANALYZER_NONNULL = YES;
				CLANG_ANALYZER_NUMBER_OBJECT_CONVERSION = YES_AGGRESSIVE;
				CLANG_CXX_LANGUAGE_STANDARD = "gnu++20";
				CLANG_ENABLE_MODULES = YES;
				CLANG_ENABLE_OBJC_ARC = YES;
				CLANG_ENABLE_OBJC_WEAK = YES;
				CLANG_WARN_BLOCK_CAPTURE_AUTORELEASING = YES;
				CLANG_WARN_BOOL_CONVERSION = YES;
				CLANG_WARN_COMMA = YES;
				CLANG_WARN_CONSTANT_CONVERSION = YES;
				CLANG_WARN_DEPRECATED_OBJC_IMPLEMENTATIONS = YES;
				CLANG_WARN_DIRECT_OBJC_ISA_USAGE = YES_ERROR;
				CLANG_WARN_DOCUMENTATION_COMMENTS = YES;
				CLANG_WARN_EMPTY_BODY = YES;
				CLANG_WARN_ENUM_CONVERSION = YES;
				CLANG_WARN_INFINITE_RECURSION = YES;
				CLANG_WARN_INT_CONVERSION = YES;
				CLANG_WARN_NON_LITERAL_NULL_CONVERSION = YES;
				CLANG_WARN_OBJC_IMPLICIT_RETAIN_SELF = YES;
				CLANG_WARN_OBJC_LITERAL_CONVERSION = YES;
				CLANG_WARN_OBJC_ROOT_CLASS = YES_ERROR;
				CLANG_WARN_QUOTED_INCLUDE_IN_FRAMEWORK_HEADER = YES;
				CLANG_WARN_RANGE_LOOP_ANALYSIS = YES;
				CLANG_WARN_STRICT_PROTOTYPES = YES;
				CLANG_WARN_SUSPICIOUS_MOVE = YES;
				CLANG_WARN_UNGUARDED_AVAILABILITY = YES_AGGRESSIVE;
				CLANG_WARN_UNREACHABLE_CODE = YES;
				CLANG_WARN__DUPLICATE_METHOD_MATCH = YES;
				COPY_PHASE_STRIP = NO;
				DEBUG_INFORMATION_FORMAT = "dwarf-with-dsym";
				ENABLE_NS_ASSERTIONS = NO;
				ENABLE_STRICT_OBJC_MSGSEND = YES;
				GCC_C_LANGUAGE_STANDARD = gnu11;
				GCC_NO_COMMON_BLOCKS = YES;
				GCC_WARN_64_TO_32_BIT_CONVERSION = YES;
				GCC_WARN_ABOUT_RETURN_TYPE = YES_ERROR;
				GCC_WARN_UNDECLARED_SELECTOR = YES;
				GCC_WARN_UNINITIALIZED_AUTOS = YES_AGGRESSIVE;
				GCC_WARN_UNUSED_FUNCTION = YES;
				GCC_WARN_UNUSED_VARIABLE = YES;
				IPHONEOS_DEPLOYMENT_TARGET = 16.4;
				MTL_ENABLE_DEBUG_INFO = NO;
				MTL_FAST_MATH = YES;
				SDKROOT = iphoneos;
				SWIFT_COMPILATION_MODE = wholemodule;
				SWIFT_OPTIMIZATION_LEVEL = "-O";
				VALIDATE_PRODUCT = YES;
			};
			name = Release;
		};
		04AFC8F42A8288BC00904B0F /* Debug */ = {
			isa = XCBuildConfiguration;
			buildSettings = {
				ASSETCATALOG_COMPILER_APPICON_NAME = AppIcon;
				ASSETCATALOG_COMPILER_GLOBAL_ACCENT_COLOR_NAME = AccentColor;
				CODE_SIGN_STYLE = Automatic;
				CURRENT_PROJECT_VERSION = 1;
				GENERATE_INFOPLIST_FILE = YES;
				INFOPLIST_FILE = ProductApp/Info.plist;
				INFOPLIST_KEY_UIApplicationSupportsIndirectInputEvents = YES;
				INFOPLIST_KEY_UILaunchStoryboardName = LaunchScreen;
				INFOPLIST_KEY_UIMainStoryboardFile = Main;
				INFOPLIST_KEY_UISupportedInterfaceOrientations_iPad = "UIInterfaceOrientationPortrait UIInterfaceOrientationPortraitUpsideDown UIInterfaceOrientationLandscapeLeft UIInterfaceOrientationLandscapeRight";
				INFOPLIST_KEY_UISupportedInterfaceOrientations_iPhone = "UIInterfaceOrientationPortrait UIInterfaceOrientationLandscapeLeft UIInterfaceOrientationLandscapeRight";
				LD_RUNPATH_SEARCH_PATHS = (
					"$(inherited)",
					"@executable_path/Frameworks",
				);
				MARKETING_VERSION = 1.0;
				PRODUCT_BUNDLE_IDENTIFIER = com.mohannad.ProductApp;
				PRODUCT_NAME = "$(TARGET_NAME)";
				SWIFT_EMIT_LOC_STRINGS = YES;
				SWIFT_VERSION = 5.0;
				TARGETED_DEVICE_FAMILY = "1,2";
			};
			name = Debug;
		};
		04AFC8F52A8288BC00904B0F /* Release */ = {
			isa = XCBuildConfiguration;
			buildSettings = {
				ASSETCATALOG_COMPILER_APPICON_NAME = AppIcon;
				ASSETCATALOG_COMPILER_GLOBAL_ACCENT_COLOR_NAME = AccentColor;
				CODE_SIGN_STYLE = Automatic;
				CURRENT_PROJECT_VERSION = 1;
				GENERATE_INFOPLIST_FILE = YES;
				INFOPLIST_FILE = ProductApp/Info.plist;
				INFOPLIST_KEY_UIApplicationSupportsIndirectInputEvents = YES;
				INFOPLIST_KEY_UILaunchStoryboardName = LaunchScreen;
				INFOPLIST_KEY_UIMainStoryboardFile = Main;
				INFOPLIST_KEY_UISupportedInterfaceOrientations_iPad = "UIInterfaceOrientationPortrait UIInterfaceOrientationPortraitUpsideDown UIInterfaceOrientationLandscapeLeft UIInterfaceOrientationLandscapeRight";
				INFOPLIST_KEY_UISupportedInterfaceOrientations_iPhone = "UIInterfaceOrientationPortrait UIInterfaceOrientationLandscapeLeft UIInterfaceOrientationLandscapeRight";
				LD_RUNPATH_SEARCH_PATHS = (
					"$(inherited)",
					"@executable_path/Frameworks",
				);
				MARKETING_VERSION = 1.0;
				PRODUCT_BUNDLE_IDENTIFIER = com.mohannad.ProductApp;
				PRODUCT_NAME = "$(TARGET_NAME)";
				SWIFT_EMIT_LOC_STRINGS = YES;
				SWIFT_VERSION = 5.0;
				TARGETED_DEVICE_FAMILY = "1,2";
			};
			name = Release;
		};
		04AFC8F72A8288BC00904B0F /* Debug */ = {
			isa = XCBuildConfiguration;
			buildSettings = {
				ALWAYS_EMBED_SWIFT_STANDARD_LIBRARIES = YES;
				BUNDLE_LOADER = "$(TEST_HOST)";
				CODE_SIGN_STYLE = Automatic;
				CURRENT_PROJECT_VERSION = 1;
				GENERATE_INFOPLIST_FILE = YES;
				IPHONEOS_DEPLOYMENT_TARGET = 16.4;
				MARKETING_VERSION = 1.0;
				PRODUCT_BUNDLE_IDENTIFIER = com.mohannad.ProductAppTests;
				PRODUCT_NAME = "$(TARGET_NAME)";
				SWIFT_EMIT_LOC_STRINGS = NO;
				SWIFT_VERSION = 5.0;
				TARGETED_DEVICE_FAMILY = "1,2";
				TEST_HOST = "$(BUILT_PRODUCTS_DIR)/ProductApp.app/$(BUNDLE_EXECUTABLE_FOLDER_PATH)/ProductApp";
			};
			name = Debug;
		};
		04AFC8F82A8288BC00904B0F /* Release */ = {
			isa = XCBuildConfiguration;
			buildSettings = {
				ALWAYS_EMBED_SWIFT_STANDARD_LIBRARIES = YES;
				BUNDLE_LOADER = "$(TEST_HOST)";
				CODE_SIGN_STYLE = Automatic;
				CURRENT_PROJECT_VERSION = 1;
				GENERATE_INFOPLIST_FILE = YES;
				IPHONEOS_DEPLOYMENT_TARGET = 16.4;
				MARKETING_VERSION = 1.0;
				PRODUCT_BUNDLE_IDENTIFIER = com.mohannad.ProductAppTests;
				PRODUCT_NAME = "$(TARGET_NAME)";
				SWIFT_EMIT_LOC_STRINGS = NO;
				SWIFT_VERSION = 5.0;
				TARGETED_DEVICE_FAMILY = "1,2";
				TEST_HOST = "$(BUILT_PRODUCTS_DIR)/ProductApp.app/$(BUNDLE_EXECUTABLE_FOLDER_PATH)/ProductApp";
			};
			name = Release;
		};
		04AFC8FA2A8288BD00904B0F /* Debug */ = {
			isa = XCBuildConfiguration;
			buildSettings = {
				ALWAYS_EMBED_SWIFT_STANDARD_LIBRARIES = YES;
				CODE_SIGN_STYLE = Automatic;
				CURRENT_PROJECT_VERSION = 1;
				GENERATE_INFOPLIST_FILE = YES;
				MARKETING_VERSION = 1.0;
				PRODUCT_BUNDLE_IDENTIFIER = com.mohannad.ProductAppUITests;
				PRODUCT_NAME = "$(TARGET_NAME)";
				SWIFT_EMIT_LOC_STRINGS = NO;
				SWIFT_VERSION = 5.0;
				TARGETED_DEVICE_FAMILY = "1,2";
				TEST_TARGET_NAME = ProductApp;
			};
			name = Debug;
		};
		04AFC8FB2A8288BD00904B0F /* Release */ = {
			isa = XCBuildConfiguration;
			buildSettings = {
				ALWAYS_EMBED_SWIFT_STANDARD_LIBRARIES = YES;
				CODE_SIGN_STYLE = Automatic;
				CURRENT_PROJECT_VERSION = 1;
				GENERATE_INFOPLIST_FILE = YES;
				MARKETING_VERSION = 1.0;
				PRODUCT_BUNDLE_IDENTIFIER = com.mohannad.ProductAppUITests;
				PRODUCT_NAME = "$(TARGET_NAME)";
				SWIFT_EMIT_LOC_STRINGS = NO;
				SWIFT_VERSION = 5.0;
				TARGETED_DEVICE_FAMILY = "1,2";
				TEST_TARGET_NAME = ProductApp;
			};
			name = Release;
		};
/* End XCBuildConfiguration section */

/* Begin XCConfigurationList section */
		04AFC8C42A8288BC00904B0F /* Build configuration list for PBXProject "ProductApp" */ = {
			isa = XCConfigurationList;
			buildConfigurations = (
				04AFC8F12A8288BC00904B0F /* Debug */,
				04AFC8F22A8288BC00904B0F /* Release */,
			);
			defaultConfigurationIsVisible = 0;
			defaultConfigurationName = Release;
		};
		04AFC8F32A8288BC00904B0F /* Build configuration list for PBXNativeTarget "ProductApp" */ = {
			isa = XCConfigurationList;
			buildConfigurations = (
				04AFC8F42A8288BC00904B0F /* Debug */,
				04AFC8F52A8288BC00904B0F /* Release */,
			);
			defaultConfigurationIsVisible = 0;
			defaultConfigurationName = Release;
		};
		04AFC8F62A8288BC00904B0F /* Build configuration list for PBXNativeTarget "ProductAppTests" */ = {
			isa = XCConfigurationList;
			buildConfigurations = (
				04AFC8F72A8288BC00904B0F /* Debug */,
				04AFC8F82A8288BC00904B0F /* Release */,
			);
			defaultConfigurationIsVisible = 0;
			defaultConfigurationName = Release;
		};
		04AFC8F92A8288BD00904B0F /* Build configuration list for PBXNativeTarget "ProductAppUITests" */ = {
			isa = XCConfigurationList;
			buildConfigurations = (
				04AFC8FA2A8288BD00904B0F /* Debug */,
				04AFC8FB2A8288BD00904B0F /* Release */,
			);
			defaultConfigurationIsVisible = 0;
			defaultConfigurationName = Release;
		};
/* End XCConfigurationList section */
	};
	rootObject = 04AFC8C12A8288BC00904B0F /* Project object */;
}
